// !$*UTF8*$!
{
	archiveVersion = 1;
	classes = {
	};
	objectVersion = 46;
	objects = {

/* Begin PBXBuildFile section */
		170659121A473AF600B58000 /* UIImage+BAAdditions.m in Sources */ = {isa = PBXBuildFile; fileRef = 170659111A473AF600B58000 /* UIImage+BAAdditions.m */; };
		17285EFE1A474E620047A25A /* DECoreExamplesViewController.m in Sources */ = {isa = PBXBuildFile; fileRef = 17285EFA1A474E620047A25A /* DECoreExamplesViewController.m */; };
		17285EFF1A474E620047A25A /* DEExtensionsExamplesViewController.m in Sources */ = {isa = PBXBuildFile; fileRef = 17285EFD1A474E620047A25A /* DEExtensionsExamplesViewController.m */; };
		17285F121A4752120047A25A /* DECCategoriesViewController.m in Sources */ = {isa = PBXBuildFile; fileRef = 17285F051A4752120047A25A /* DECCategoriesViewController.m */; };
		17285F131A4752120047A25A /* DECControllersViewController.m in Sources */ = {isa = PBXBuildFile; fileRef = 17285F081A4752120047A25A /* DECControllersViewController.m */; };
		17285F141A4752120047A25A /* DECFileViewController.m in Sources */ = {isa = PBXBuildFile; fileRef = 17285F0B1A4752120047A25A /* DECFileViewController.m */; };
		17285F151A4752120047A25A /* DECUtilitiesViewController.m in Sources */ = {isa = PBXBuildFile; fileRef = 17285F0E1A4752120047A25A /* DECUtilitiesViewController.m */; };
		17285F161A4752120047A25A /* DECViewViewController.m in Sources */ = {isa = PBXBuildFile; fileRef = 17285F111A4752120047A25A /* DECViewViewController.m */; };
		17285F191A47536E0047A25A /* UITableView+Additions.m in Sources */ = {isa = PBXBuildFile; fileRef = 17285F181A47536E0047A25A /* UITableView+Additions.m */; };
		17CA1AF41B40003C0028848D /* BANaviBackButton.m in Sources */ = {isa = PBXBuildFile; fileRef = 17CA1AE61B40003C0028848D /* BANaviBackButton.m */; };
		17CA1AF51B40003C0028848D /* BBTableViewController.m in Sources */ = {isa = PBXBuildFile; fileRef = 17CA1AE81B40003C0028848D /* BBTableViewController.m */; };
		17CA1AF61B40003C0028848D /* BAViewController.m in Sources */ = {isa = PBXBuildFile; fileRef = 17CA1AEA1B40003C0028848D /* BAViewController.m */; };
		17CA1AF71B40003C0028848D /* BAWebViewController.m in Sources */ = {isa = PBXBuildFile; fileRef = 17CA1AEC1B40003C0028848D /* BAWebViewController.m */; };
		17CA1AF81B40003C0028848D /* BBTabBarController.m in Sources */ = {isa = PBXBuildFile; fileRef = 17CA1AEF1B40003C0028848D /* BBTabBarController.m */; };
		17CA1AF91B40003C0028848D /* BBTabBarItem.m in Sources */ = {isa = PBXBuildFile; fileRef = 17CA1AF11B40003C0028848D /* BBTabBarItem.m */; };
		17CA1AFA1B40003C0028848D /* UIViewController+BAAdditions.m in Sources */ = {isa = PBXBuildFile; fileRef = 17CA1AF31B40003C0028848D /* UIViewController+BAAdditions.m */; };
		17CA1AFD1B4005F00028848D /* BBTableViewCell.m in Sources */ = {isa = PBXBuildFile; fileRef = 17CA1AFC1B4005F00028848D /* BBTableViewCell.m */; };
		17E9408F1AF6318200853A1E /* BASkinBackButton.m in Sources */ = {isa = PBXBuildFile; fileRef = 17E940781AF6318200853A1E /* BASkinBackButton.m */; };
		17E940901AF6318200853A1E /* BASkinBlankCell.m in Sources */ = {isa = PBXBuildFile; fileRef = 17E9407A1AF6318200853A1E /* BASkinBlankCell.m */; };
		17E940911AF6318200853A1E /* BASkinButton+NaviBar.m in Sources */ = {isa = PBXBuildFile; fileRef = 17E9407C1AF6318200853A1E /* BASkinButton+NaviBar.m */; };
		17E940921AF6318200853A1E /* BASkinButton.m in Sources */ = {isa = PBXBuildFile; fileRef = 17E9407E1AF6318200853A1E /* BASkinButton.m */; };
		17E940931AF6318200853A1E /* BASkinCollectionViewCell.m in Sources */ = {isa = PBXBuildFile; fileRef = 17E940801AF6318200853A1E /* BASkinCollectionViewCell.m */; };
		17E940941AF6318200853A1E /* BASkinImageView.m in Sources */ = {isa = PBXBuildFile; fileRef = 17E940821AF6318200853A1E /* BASkinImageView.m */; };
		17E940951AF6318200853A1E /* BASkinLabel.m in Sources */ = {isa = PBXBuildFile; fileRef = 17E940841AF6318200853A1E /* BASkinLabel.m */; };
		17E940961AF6318200853A1E /* BASkinRightViewCell.m in Sources */ = {isa = PBXBuildFile; fileRef = 17E940861AF6318200853A1E /* BASkinRightViewCell.m */; };
		17E940971AF6318200853A1E /* BASkinSwitchButton.m in Sources */ = {isa = PBXBuildFile; fileRef = 17E940881AF6318200853A1E /* BASkinSwitchButton.m */; };
		17E940981AF6318200853A1E /* BASkinToolbar.m in Sources */ = {isa = PBXBuildFile; fileRef = 17E9408A1AF6318200853A1E /* BASkinToolbar.m */; };
		17E940991AF6318200853A1E /* BASkinView.m in Sources */ = {isa = PBXBuildFile; fileRef = 17E9408C1AF6318200853A1E /* BASkinView.m */; };
		17E9409A1AF6318200853A1E /* BASkinViewController.m in Sources */ = {isa = PBXBuildFile; fileRef = 17E9408E1AF6318200853A1E /* BASkinViewController.m */; };
		17E9409D1AF633FA00853A1E /* BAImageView.m in Sources */ = {isa = PBXBuildFile; fileRef = 17E9409C1AF633FA00853A1E /* BAImageView.m */; };
		5688DE521A067B8400F65FE9 /* BBCustomize.m in Sources */ = {isa = PBXBuildFile; fileRef = 5688DDCE1A067B8400F65FE9 /* BBCustomize.m */; };
		5688DE531A067B8400F65FE9 /* NSArray+Json.m in Sources */ = {isa = PBXBuildFile; fileRef = 5688DDD11A067B8400F65FE9 /* NSArray+Json.m */; };
		5688DE541A067B8400F65FE9 /* NSDate+BAAdditions.m in Sources */ = {isa = PBXBuildFile; fileRef = 5688DDD31A067B8400F65FE9 /* NSDate+BAAdditions.m */; };
		5688DE551A067B8400F65FE9 /* NSDictionary+Json.m in Sources */ = {isa = PBXBuildFile; fileRef = 5688DDD51A067B8400F65FE9 /* NSDictionary+Json.m */; };
		5688DE581A067B8400F65FE9 /* UIColor+BAAdditions.m in Sources */ = {isa = PBXBuildFile; fileRef = 5688DDDB1A067B8400F65FE9 /* UIColor+BAAdditions.m */; };
		5688DE591A067B8400F65FE9 /* UIDevice+BAAdditions.m in Sources */ = {isa = PBXBuildFile; fileRef = 5688DDDD1A067B8400F65FE9 /* UIDevice+BAAdditions.m */; };
		5688DE631A067B8400F65FE9 /* BADiskCache.m in Sources */ = {isa = PBXBuildFile; fileRef = 5688DDF51A067B8400F65FE9 /* BADiskCache.m */; };
		5688DE641A067B8400F65FE9 /* BAFile.m in Sources */ = {isa = PBXBuildFile; fileRef = 5688DDF71A067B8400F65FE9 /* BAFile.m */; };
		5688DE651A067B8400F65FE9 /* BAFileDiskCache.m in Sources */ = {isa = PBXBuildFile; fileRef = 5688DDF91A067B8400F65FE9 /* BAFileDiskCache.m */; };
		5688DE661A067B8400F65FE9 /* BAImageFileHelper.m in Sources */ = {isa = PBXBuildFile; fileRef = 5688DDFB1A067B8400F65FE9 /* BAImageFileHelper.m */; };
		5688DE671A067B8400F65FE9 /* BAJsonFileHelper.m in Sources */ = {isa = PBXBuildFile; fileRef = 5688DDFD1A067B8400F65FE9 /* BAJsonFileHelper.m */; };
		5688DE681A067B8400F65FE9 /* BAPlistFileManager.m in Sources */ = {isa = PBXBuildFile; fileRef = 5688DDFF1A067B8400F65FE9 /* BAPlistFileManager.m */; };
		5688DE691A067B8400F65FE9 /* BALocationManager.m in Sources */ = {isa = PBXBuildFile; fileRef = 5688DE021A067B8400F65FE9 /* BALocationManager.m */; };
		5688DE6B1A067B8400F65FE9 /* BAApplication.m in Sources */ = {isa = PBXBuildFile; fileRef = 5688DE091A067B8400F65FE9 /* BAApplication.m */; };
		5688DE6D1A067B8400F65FE9 /* BAUserConfig.m in Sources */ = {isa = PBXBuildFile; fileRef = 5688DE0D1A067B8400F65FE9 /* BAUserConfig.m */; };
		5688DE6E1A067B8400F65FE9 /* BAUtility.m in Sources */ = {isa = PBXBuildFile; fileRef = 5688DE0F1A067B8400F65FE9 /* BAUtility.m */; };
		5688DE701A067B8400F65FE9 /* BASkin.m in Sources */ = {isa = PBXBuildFile; fileRef = 5688DE151A067B8400F65FE9 /* BASkin.m */; };
		5688DE711A067B8400F65FE9 /* BASkinResourceManager.m in Sources */ = {isa = PBXBuildFile; fileRef = 5688DE171A067B8400F65FE9 /* BASkinResourceManager.m */; };
		5688DE721A067B8400F65FE9 /* BAAttributedText.m in Sources */ = {isa = PBXBuildFile; fileRef = 5688DE1B1A067B8400F65FE9 /* BAAttributedText.m */; };
		5688DE731A067B8400F65FE9 /* BAAttributedTextView.m in Sources */ = {isa = PBXBuildFile; fileRef = 5688DE1D1A067B8400F65FE9 /* BAAttributedTextView.m */; };
		5688DE741A067B8400F65FE9 /* NSAttributedString+Height.m in Sources */ = {isa = PBXBuildFile; fileRef = 5688DE1F1A067B8400F65FE9 /* NSAttributedString+Height.m */; };
		5688DE751A067B8400F65FE9 /* BAButtonItem.m in Sources */ = {isa = PBXBuildFile; fileRef = 5688DE241A067B8400F65FE9 /* BAButtonItem.m */; };
		5688DE761A067B8400F65FE9 /* UIActionSheet+Blocks.m in Sources */ = {isa = PBXBuildFile; fileRef = 5688DE261A067B8400F65FE9 /* UIActionSheet+Blocks.m */; };
		5688DE771A067B8400F65FE9 /* UIAlertView+Blocks.m in Sources */ = {isa = PBXBuildFile; fileRef = 5688DE281A067B8400F65FE9 /* UIAlertView+Blocks.m */; };
		5688DE791A067B8400F65FE9 /* BACheckBox.m in Sources */ = {isa = PBXBuildFile; fileRef = 5688DE2C1A067B8400F65FE9 /* BACheckBox.m */; };
		5688DE7B1A067B8400F65FE9 /* BACollectionViewCell.m in Sources */ = {isa = PBXBuildFile; fileRef = 5688DE311A067B8400F65FE9 /* BACollectionViewCell.m */; };
		5688DE7C1A067B8400F65FE9 /* BACollectionViewLineLayout.m in Sources */ = {isa = PBXBuildFile; fileRef = 5688DE331A067B8400F65FE9 /* BACollectionViewLineLayout.m */; };
		5688DE7D1A067B8400F65FE9 /* BALineCollectionView.m in Sources */ = {isa = PBXBuildFile; fileRef = 5688DE351A067B8400F65FE9 /* BALineCollectionView.m */; };
		5688DE7E1A067B8400F65FE9 /* BAOverlayView.m in Sources */ = {isa = PBXBuildFile; fileRef = 5688DE371A067B8400F65FE9 /* BAOverlayView.m */; };
		5688DE7F1A067B8400F65FE9 /* BADatePickerView.m in Sources */ = {isa = PBXBuildFile; fileRef = 5688DE3A1A067B8400F65FE9 /* BADatePickerView.m */; };
		5688DE801A067B8400F65FE9 /* BAMaskPickerView.m in Sources */ = {isa = PBXBuildFile; fileRef = 5688DE3C1A067B8400F65FE9 /* BAMaskPickerView.m */; };
		5688DE811A067B8400F65FE9 /* BAPickerView.m in Sources */ = {isa = PBXBuildFile; fileRef = 5688DE3E1A067B8400F65FE9 /* BAPickerView.m */; };
		5688DE821A067B8400F65FE9 /* BAPickerViewWithSwitch.m in Sources */ = {isa = PBXBuildFile; fileRef = 5688DE411A067B8400F65FE9 /* BAPickerViewWithSwitch.m */; };
		5688DE831A067B8400F65FE9 /* BASwitchButton.m in Sources */ = {isa = PBXBuildFile; fileRef = 5688DE431A067B8400F65FE9 /* BASwitchButton.m */; };
		5688DE861A067B8400F65FE9 /* BAImageGridCell.m in Sources */ = {isa = PBXBuildFile; fileRef = 5688DE4A1A067B8400F65FE9 /* BAImageGridCell.m */; };
		5688DE871A067B8400F65FE9 /* BBLeftImageViewCell.m in Sources */ = {isa = PBXBuildFile; fileRef = 5688DE4C1A067B8400F65FE9 /* BBLeftImageViewCell.m */; };
		5688DE881A067B8400F65FE9 /* BBRightViewCell.m in Sources */ = {isa = PBXBuildFile; fileRef = 5688DE4E1A067B8400F65FE9 /* BBRightViewCell.m */; };
		5688DE891A067B8400F65FE9 /* BASelectFlagGridCell.m in Sources */ = {isa = PBXBuildFile; fileRef = 5688DE501A067B8400F65FE9 /* BASelectFlagGridCell.m */; };
		5688DE9E1A067D5C00F65FE9 /* UIButton+Protable.m in Sources */ = {isa = PBXBuildFile; fileRef = 5688DE971A067D5C00F65FE9 /* UIButton+Protable.m */; };
		5688DE9F1A067D5C00F65FE9 /* UILabel+Protable.m in Sources */ = {isa = PBXBuildFile; fileRef = 5688DE991A067D5C00F65FE9 /* UILabel+Protable.m */; };
		5688DEA01A067D5C00F65FE9 /* UIView+BAAdditions.m in Sources */ = {isa = PBXBuildFile; fileRef = 5688DE9B1A067D5C00F65FE9 /* UIView+BAAdditions.m */; };
		5688DEA11A067D5C00F65FE9 /* UIView+Bounce.m in Sources */ = {isa = PBXBuildFile; fileRef = 5688DE9D1A067D5C00F65FE9 /* UIView+Bounce.m */; };
		568A55FD1A0614C200163FA3 /* main.m in Sources */ = {isa = PBXBuildFile; fileRef = 568A55FC1A0614C200163FA3 /* main.m */; };
		568A56021A0614C200163FA3 /* Images.xcassets in Resources */ = {isa = PBXBuildFile; fileRef = 568A56011A0614C200163FA3 /* Images.xcassets */; };
		568A56051A0614C200163FA3 /* LaunchScreen.xib in Resources */ = {isa = PBXBuildFile; fileRef = 568A56031A0614C200163FA3 /* LaunchScreen.xib */; };
		568A56111A0614C200163FA3 /* DemoTests.m in Sources */ = {isa = PBXBuildFile; fileRef = 568A56101A0614C200163FA3 /* DemoTests.m */; };
		568A56711A0615BA00163FA3 /* Default-568h@2x.png in Resources */ = {isa = PBXBuildFile; fileRef = 568A561B1A0615BA00163FA3 /* Default-568h@2x.png */; };
		568A56C11A0615BA00163FA3 /* skin_list.plist in Resources */ = {isa = PBXBuildFile; fileRef = 568A566E1A0615BA00163FA3 /* skin_list.plist */; };
		568A56C61A0616A400163FA3 /* skin_basic in Resources */ = {isa = PBXBuildFile; fileRef = 568A56C31A0616A400163FA3 /* skin_basic */; };
		568A56C71A0616A400163FA3 /* skin_common in Resources */ = {isa = PBXBuildFile; fileRef = 568A56C41A0616A400163FA3 /* skin_common */; };
		568A56C81A0616A400163FA3 /* skin_night in Resources */ = {isa = PBXBuildFile; fileRef = 568A56C51A0616A400163FA3 /* skin_night */; };
		568A58021A061BE400163FA3 /* AppDelegate.m in Sources */ = {isa = PBXBuildFile; fileRef = 568A57FD1A061BE400163FA3 /* AppDelegate.m */; };
		568A58031A061BE400163FA3 /* AppNavigator.m in Sources */ = {isa = PBXBuildFile; fileRef = 568A57FF1A061BE400163FA3 /* AppNavigator.m */; };
		568A58041A061BE400163FA3 /* AppStartup.m in Sources */ = {isa = PBXBuildFile; fileRef = 568A58011A061BE400163FA3 /* AppStartup.m */; };
		568A58211A062FAE00163FA3 /* ForthViewController.m in Sources */ = {isa = PBXBuildFile; fileRef = 568A58191A062FAE00163FA3 /* ForthViewController.m */; };
		568A58231A062FAE00163FA3 /* ThirdViewController.m in Sources */ = {isa = PBXBuildFile; fileRef = 568A581F1A062FAE00163FA3 /* ThirdViewController.m */; };
		ED6B5C141A2DAAA3008CED69 /* NSString+Additions.m in Sources */ = {isa = PBXBuildFile; fileRef = ED6B5C131A2DAAA3008CED69 /* NSString+Additions.m */; };
		ED943E0B1A89A041006A5C73 /* DECTestLabelViewController.m in Sources */ = {isa = PBXBuildFile; fileRef = ED943E0A1A89A041006A5C73 /* DECTestLabelViewController.m */; };
/* End PBXBuildFile section */

/* Begin PBXContainerItemProxy section */
		568A560B1A0614C200163FA3 /* PBXContainerItemProxy */ = {
			isa = PBXContainerItemProxy;
			containerPortal = 568A55EF1A0614C200163FA3 /* Project object */;
			proxyType = 1;
			remoteGlobalIDString = 568A55F61A0614C200163FA3;
			remoteInfo = Demo;
		};
/* End PBXContainerItemProxy section */

/* Begin PBXFileReference section */
		170659101A473AF600B58000 /* UIImage+BAAdditions.h */ = {isa = PBXFileReference; fileEncoding = 4; lastKnownFileType = sourcecode.c.h; path = "UIImage+BAAdditions.h"; sourceTree = "<group>"; };
		170659111A473AF600B58000 /* UIImage+BAAdditions.m */ = {isa = PBXFileReference; fileEncoding = 4; lastKnownFileType = sourcecode.c.objc; path = "UIImage+BAAdditions.m"; sourceTree = "<group>"; };
		17285EF91A474E620047A25A /* DECoreExamplesViewController.h */ = {isa = PBXFileReference; fileEncoding = 4; lastKnownFileType = sourcecode.c.h; path = DECoreExamplesViewController.h; sourceTree = "<group>"; };
		17285EFA1A474E620047A25A /* DECoreExamplesViewController.m */ = {isa = PBXFileReference; fileEncoding = 4; lastKnownFileType = sourcecode.c.objc; path = DECoreExamplesViewController.m; sourceTree = "<group>"; };
		17285EFC1A474E620047A25A /* DEExtensionsExamplesViewController.h */ = {isa = PBXFileReference; fileEncoding = 4; lastKnownFileType = sourcecode.c.h; path = DEExtensionsExamplesViewController.h; sourceTree = "<group>"; };
		17285EFD1A474E620047A25A /* DEExtensionsExamplesViewController.m */ = {isa = PBXFileReference; fileEncoding = 4; lastKnownFileType = sourcecode.c.objc; path = DEExtensionsExamplesViewController.m; sourceTree = "<group>"; };
		17285F041A4752120047A25A /* DECCategoriesViewController.h */ = {isa = PBXFileReference; fileEncoding = 4; lastKnownFileType = sourcecode.c.h; path = DECCategoriesViewController.h; sourceTree = "<group>"; };
		17285F051A4752120047A25A /* DECCategoriesViewController.m */ = {isa = PBXFileReference; fileEncoding = 4; lastKnownFileType = sourcecode.c.objc; path = DECCategoriesViewController.m; sourceTree = "<group>"; };
		17285F071A4752120047A25A /* DECControllersViewController.h */ = {isa = PBXFileReference; fileEncoding = 4; lastKnownFileType = sourcecode.c.h; path = DECControllersViewController.h; sourceTree = "<group>"; };
		17285F081A4752120047A25A /* DECControllersViewController.m */ = {isa = PBXFileReference; fileEncoding = 4; lastKnownFileType = sourcecode.c.objc; path = DECControllersViewController.m; sourceTree = "<group>"; };
		17285F0A1A4752120047A25A /* DECFileViewController.h */ = {isa = PBXFileReference; fileEncoding = 4; lastKnownFileType = sourcecode.c.h; path = DECFileViewController.h; sourceTree = "<group>"; };
		17285F0B1A4752120047A25A /* DECFileViewController.m */ = {isa = PBXFileReference; fileEncoding = 4; lastKnownFileType = sourcecode.c.objc; path = DECFileViewController.m; sourceTree = "<group>"; };
		17285F0D1A4752120047A25A /* DECUtilitiesViewController.h */ = {isa = PBXFileReference; fileEncoding = 4; lastKnownFileType = sourcecode.c.h; path = DECUtilitiesViewController.h; sourceTree = "<group>"; };
		17285F0E1A4752120047A25A /* DECUtilitiesViewController.m */ = {isa = PBXFileReference; fileEncoding = 4; lastKnownFileType = sourcecode.c.objc; path = DECUtilitiesViewController.m; sourceTree = "<group>"; };
		17285F101A4752120047A25A /* DECViewViewController.h */ = {isa = PBXFileReference; fileEncoding = 4; lastKnownFileType = sourcecode.c.h; path = DECViewViewController.h; sourceTree = "<group>"; };
		17285F111A4752120047A25A /* DECViewViewController.m */ = {isa = PBXFileReference; fileEncoding = 4; lastKnownFileType = sourcecode.c.objc; path = DECViewViewController.m; sourceTree = "<group>"; };
		17285F171A47536E0047A25A /* UITableView+Additions.h */ = {isa = PBXFileReference; fileEncoding = 4; lastKnownFileType = sourcecode.c.h; path = "UITableView+Additions.h"; sourceTree = "<group>"; };
		17285F181A47536E0047A25A /* UITableView+Additions.m */ = {isa = PBXFileReference; fileEncoding = 4; lastKnownFileType = sourcecode.c.objc; path = "UITableView+Additions.m"; sourceTree = "<group>"; };
		17CA1AE51B40003C0028848D /* BANaviBackButton.h */ = {isa = PBXFileReference; fileEncoding = 4; lastKnownFileType = sourcecode.c.h; path = BANaviBackButton.h; sourceTree = "<group>"; };
		17CA1AE61B40003C0028848D /* BANaviBackButton.m */ = {isa = PBXFileReference; fileEncoding = 4; lastKnownFileType = sourcecode.c.objc; path = BANaviBackButton.m; sourceTree = "<group>"; };
		17CA1AE71B40003C0028848D /* BBTableViewController.h */ = {isa = PBXFileReference; fileEncoding = 4; lastKnownFileType = sourcecode.c.h; path = BBTableViewController.h; sourceTree = "<group>"; };
		17CA1AE81B40003C0028848D /* BBTableViewController.m */ = {isa = PBXFileReference; fileEncoding = 4; lastKnownFileType = sourcecode.c.objc; path = BBTableViewController.m; sourceTree = "<group>"; };
		17CA1AE91B40003C0028848D /* BAViewController.h */ = {isa = PBXFileReference; fileEncoding = 4; lastKnownFileType = sourcecode.c.h; path = BAViewController.h; sourceTree = "<group>"; };
		17CA1AEA1B40003C0028848D /* BAViewController.m */ = {isa = PBXFileReference; fileEncoding = 4; lastKnownFileType = sourcecode.c.objc; path = BAViewController.m; sourceTree = "<group>"; };
		17CA1AEB1B40003C0028848D /* BAWebViewController.h */ = {isa = PBXFileReference; fileEncoding = 4; lastKnownFileType = sourcecode.c.h; path = BAWebViewController.h; sourceTree = "<group>"; };
		17CA1AEC1B40003C0028848D /* BAWebViewController.m */ = {isa = PBXFileReference; fileEncoding = 4; lastKnownFileType = sourcecode.c.objc; path = BAWebViewController.m; sourceTree = "<group>"; };
		17CA1AEE1B40003C0028848D /* BBTabBarController.h */ = {isa = PBXFileReference; fileEncoding = 4; lastKnownFileType = sourcecode.c.h; path = BBTabBarController.h; sourceTree = "<group>"; };
		17CA1AEF1B40003C0028848D /* BBTabBarController.m */ = {isa = PBXFileReference; fileEncoding = 4; lastKnownFileType = sourcecode.c.objc; path = BBTabBarController.m; sourceTree = "<group>"; };
		17CA1AF01B40003C0028848D /* BBTabBarItem.h */ = {isa = PBXFileReference; fileEncoding = 4; lastKnownFileType = sourcecode.c.h; path = BBTabBarItem.h; sourceTree = "<group>"; };
		17CA1AF11B40003C0028848D /* BBTabBarItem.m */ = {isa = PBXFileReference; fileEncoding = 4; lastKnownFileType = sourcecode.c.objc; path = BBTabBarItem.m; sourceTree = "<group>"; };
		17CA1AF21B40003C0028848D /* UIViewController+BAAdditions.h */ = {isa = PBXFileReference; fileEncoding = 4; lastKnownFileType = sourcecode.c.h; path = "UIViewController+BAAdditions.h"; sourceTree = "<group>"; };
		17CA1AF31B40003C0028848D /* UIViewController+BAAdditions.m */ = {isa = PBXFileReference; fileEncoding = 4; lastKnownFileType = sourcecode.c.objc; path = "UIViewController+BAAdditions.m"; sourceTree = "<group>"; };
		17CA1AFB1B4005F00028848D /* BBTableViewCell.h */ = {isa = PBXFileReference; fileEncoding = 4; lastKnownFileType = sourcecode.c.h; path = BBTableViewCell.h; sourceTree = "<group>"; };
		17CA1AFC1B4005F00028848D /* BBTableViewCell.m */ = {isa = PBXFileReference; fileEncoding = 4; lastKnownFileType = sourcecode.c.objc; path = BBTableViewCell.m; sourceTree = "<group>"; };
		17E940771AF6318200853A1E /* BASkinBackButton.h */ = {isa = PBXFileReference; fileEncoding = 4; lastKnownFileType = sourcecode.c.h; path = BASkinBackButton.h; sourceTree = "<group>"; };
		17E940781AF6318200853A1E /* BASkinBackButton.m */ = {isa = PBXFileReference; fileEncoding = 4; lastKnownFileType = sourcecode.c.objc; path = BASkinBackButton.m; sourceTree = "<group>"; };
		17E940791AF6318200853A1E /* BASkinBlankCell.h */ = {isa = PBXFileReference; fileEncoding = 4; lastKnownFileType = sourcecode.c.h; path = BASkinBlankCell.h; sourceTree = "<group>"; };
		17E9407A1AF6318200853A1E /* BASkinBlankCell.m */ = {isa = PBXFileReference; fileEncoding = 4; lastKnownFileType = sourcecode.c.objc; path = BASkinBlankCell.m; sourceTree = "<group>"; };
		17E9407B1AF6318200853A1E /* BASkinButton+NaviBar.h */ = {isa = PBXFileReference; fileEncoding = 4; lastKnownFileType = sourcecode.c.h; path = "BASkinButton+NaviBar.h"; sourceTree = "<group>"; };
		17E9407C1AF6318200853A1E /* BASkinButton+NaviBar.m */ = {isa = PBXFileReference; fileEncoding = 4; lastKnownFileType = sourcecode.c.objc; path = "BASkinButton+NaviBar.m"; sourceTree = "<group>"; };
		17E9407D1AF6318200853A1E /* BASkinButton.h */ = {isa = PBXFileReference; fileEncoding = 4; lastKnownFileType = sourcecode.c.h; path = BASkinButton.h; sourceTree = "<group>"; };
		17E9407E1AF6318200853A1E /* BASkinButton.m */ = {isa = PBXFileReference; fileEncoding = 4; lastKnownFileType = sourcecode.c.objc; path = BASkinButton.m; sourceTree = "<group>"; };
		17E9407F1AF6318200853A1E /* BASkinCollectionViewCell.h */ = {isa = PBXFileReference; fileEncoding = 4; lastKnownFileType = sourcecode.c.h; path = BASkinCollectionViewCell.h; sourceTree = "<group>"; };
		17E940801AF6318200853A1E /* BASkinCollectionViewCell.m */ = {isa = PBXFileReference; fileEncoding = 4; lastKnownFileType = sourcecode.c.objc; path = BASkinCollectionViewCell.m; sourceTree = "<group>"; };
		17E940811AF6318200853A1E /* BASkinImageView.h */ = {isa = PBXFileReference; fileEncoding = 4; lastKnownFileType = sourcecode.c.h; path = BASkinImageView.h; sourceTree = "<group>"; };
		17E940821AF6318200853A1E /* BASkinImageView.m */ = {isa = PBXFileReference; fileEncoding = 4; lastKnownFileType = sourcecode.c.objc; path = BASkinImageView.m; sourceTree = "<group>"; };
		17E940831AF6318200853A1E /* BASkinLabel.h */ = {isa = PBXFileReference; fileEncoding = 4; lastKnownFileType = sourcecode.c.h; path = BASkinLabel.h; sourceTree = "<group>"; };
		17E940841AF6318200853A1E /* BASkinLabel.m */ = {isa = PBXFileReference; fileEncoding = 4; lastKnownFileType = sourcecode.c.objc; path = BASkinLabel.m; sourceTree = "<group>"; };
		17E940851AF6318200853A1E /* BASkinRightViewCell.h */ = {isa = PBXFileReference; fileEncoding = 4; lastKnownFileType = sourcecode.c.h; path = BASkinRightViewCell.h; sourceTree = "<group>"; };
		17E940861AF6318200853A1E /* BASkinRightViewCell.m */ = {isa = PBXFileReference; fileEncoding = 4; lastKnownFileType = sourcecode.c.objc; path = BASkinRightViewCell.m; sourceTree = "<group>"; };
		17E940871AF6318200853A1E /* BASkinSwitchButton.h */ = {isa = PBXFileReference; fileEncoding = 4; lastKnownFileType = sourcecode.c.h; path = BASkinSwitchButton.h; sourceTree = "<group>"; };
		17E940881AF6318200853A1E /* BASkinSwitchButton.m */ = {isa = PBXFileReference; fileEncoding = 4; lastKnownFileType = sourcecode.c.objc; path = BASkinSwitchButton.m; sourceTree = "<group>"; };
		17E940891AF6318200853A1E /* BASkinToolbar.h */ = {isa = PBXFileReference; fileEncoding = 4; lastKnownFileType = sourcecode.c.h; path = BASkinToolbar.h; sourceTree = "<group>"; };
		17E9408A1AF6318200853A1E /* BASkinToolbar.m */ = {isa = PBXFileReference; fileEncoding = 4; lastKnownFileType = sourcecode.c.objc; path = BASkinToolbar.m; sourceTree = "<group>"; };
		17E9408B1AF6318200853A1E /* BASkinView.h */ = {isa = PBXFileReference; fileEncoding = 4; lastKnownFileType = sourcecode.c.h; path = BASkinView.h; sourceTree = "<group>"; };
		17E9408C1AF6318200853A1E /* BASkinView.m */ = {isa = PBXFileReference; fileEncoding = 4; lastKnownFileType = sourcecode.c.objc; path = BASkinView.m; sourceTree = "<group>"; };
		17E9408D1AF6318200853A1E /* BASkinViewController.h */ = {isa = PBXFileReference; fileEncoding = 4; lastKnownFileType = sourcecode.c.h; path = BASkinViewController.h; sourceTree = "<group>"; };
		17E9408E1AF6318200853A1E /* BASkinViewController.m */ = {isa = PBXFileReference; fileEncoding = 4; lastKnownFileType = sourcecode.c.objc; path = BASkinViewController.m; sourceTree = "<group>"; };
		17E9409B1AF633FA00853A1E /* BAImageView.h */ = {isa = PBXFileReference; fileEncoding = 4; lastKnownFileType = sourcecode.c.h; path = BAImageView.h; sourceTree = "<group>"; };
		17E9409C1AF633FA00853A1E /* BAImageView.m */ = {isa = PBXFileReference; fileEncoding = 4; lastKnownFileType = sourcecode.c.objc; path = BAImageView.m; sourceTree = "<group>"; };
		5688DDCD1A067B8400F65FE9 /* BBCustomize.h */ = {isa = PBXFileReference; fileEncoding = 4; lastKnownFileType = sourcecode.c.h; path = BBCustomize.h; sourceTree = "<group>"; };
		5688DDCE1A067B8400F65FE9 /* BBCustomize.m */ = {isa = PBXFileReference; fileEncoding = 4; lastKnownFileType = sourcecode.c.objc; path = BBCustomize.m; sourceTree = "<group>"; };
		5688DDD01A067B8400F65FE9 /* NSArray+Json.h */ = {isa = PBXFileReference; fileEncoding = 4; lastKnownFileType = sourcecode.c.h; path = "NSArray+Json.h"; sourceTree = "<group>"; };
		5688DDD11A067B8400F65FE9 /* NSArray+Json.m */ = {isa = PBXFileReference; fileEncoding = 4; lastKnownFileType = sourcecode.c.objc; path = "NSArray+Json.m"; sourceTree = "<group>"; };
		5688DDD21A067B8400F65FE9 /* NSDate+BAAdditions.h */ = {isa = PBXFileReference; fileEncoding = 4; lastKnownFileType = sourcecode.c.h; path = "NSDate+BAAdditions.h"; sourceTree = "<group>"; };
		5688DDD31A067B8400F65FE9 /* NSDate+BAAdditions.m */ = {isa = PBXFileReference; fileEncoding = 4; lastKnownFileType = sourcecode.c.objc; path = "NSDate+BAAdditions.m"; sourceTree = "<group>"; };
		5688DDD41A067B8400F65FE9 /* NSDictionary+Json.h */ = {isa = PBXFileReference; fileEncoding = 4; lastKnownFileType = sourcecode.c.h; path = "NSDictionary+Json.h"; sourceTree = "<group>"; };
		5688DDD51A067B8400F65FE9 /* NSDictionary+Json.m */ = {isa = PBXFileReference; fileEncoding = 4; lastKnownFileType = sourcecode.c.objc; path = "NSDictionary+Json.m"; sourceTree = "<group>"; };
		5688DDDA1A067B8400F65FE9 /* UIColor+BAAdditions.h */ = {isa = PBXFileReference; fileEncoding = 4; lastKnownFileType = sourcecode.c.h; path = "UIColor+BAAdditions.h"; sourceTree = "<group>"; };
		5688DDDB1A067B8400F65FE9 /* UIColor+BAAdditions.m */ = {isa = PBXFileReference; fileEncoding = 4; lastKnownFileType = sourcecode.c.objc; path = "UIColor+BAAdditions.m"; sourceTree = "<group>"; };
		5688DDDC1A067B8400F65FE9 /* UIDevice+BAAdditions.h */ = {isa = PBXFileReference; fileEncoding = 4; lastKnownFileType = sourcecode.c.h; path = "UIDevice+BAAdditions.h"; sourceTree = "<group>"; };
		5688DDDD1A067B8400F65FE9 /* UIDevice+BAAdditions.m */ = {isa = PBXFileReference; fileEncoding = 4; lastKnownFileType = sourcecode.c.objc; path = "UIDevice+BAAdditions.m"; sourceTree = "<group>"; };
		5688DDF41A067B8400F65FE9 /* BADiskCache.h */ = {isa = PBXFileReference; fileEncoding = 4; lastKnownFileType = sourcecode.c.h; path = BADiskCache.h; sourceTree = "<group>"; };
		5688DDF51A067B8400F65FE9 /* BADiskCache.m */ = {isa = PBXFileReference; fileEncoding = 4; lastKnownFileType = sourcecode.c.objc; path = BADiskCache.m; sourceTree = "<group>"; };
		5688DDF61A067B8400F65FE9 /* BAFile.h */ = {isa = PBXFileReference; fileEncoding = 4; lastKnownFileType = sourcecode.c.h; path = BAFile.h; sourceTree = "<group>"; };
		5688DDF71A067B8400F65FE9 /* BAFile.m */ = {isa = PBXFileReference; fileEncoding = 4; lastKnownFileType = sourcecode.c.objc; path = BAFile.m; sourceTree = "<group>"; };
		5688DDF81A067B8400F65FE9 /* BAFileDiskCache.h */ = {isa = PBXFileReference; fileEncoding = 4; lastKnownFileType = sourcecode.c.h; path = BAFileDiskCache.h; sourceTree = "<group>"; };
		5688DDF91A067B8400F65FE9 /* BAFileDiskCache.m */ = {isa = PBXFileReference; fileEncoding = 4; lastKnownFileType = sourcecode.c.objc; path = BAFileDiskCache.m; sourceTree = "<group>"; };
		5688DDFA1A067B8400F65FE9 /* BAImageFileHelper.h */ = {isa = PBXFileReference; fileEncoding = 4; lastKnownFileType = sourcecode.c.h; path = BAImageFileHelper.h; sourceTree = "<group>"; };
		5688DDFB1A067B8400F65FE9 /* BAImageFileHelper.m */ = {isa = PBXFileReference; fileEncoding = 4; lastKnownFileType = sourcecode.c.objc; path = BAImageFileHelper.m; sourceTree = "<group>"; };
		5688DDFC1A067B8400F65FE9 /* BAJsonFileHelper.h */ = {isa = PBXFileReference; fileEncoding = 4; lastKnownFileType = sourcecode.c.h; path = BAJsonFileHelper.h; sourceTree = "<group>"; };
		5688DDFD1A067B8400F65FE9 /* BAJsonFileHelper.m */ = {isa = PBXFileReference; fileEncoding = 4; lastKnownFileType = sourcecode.c.objc; path = BAJsonFileHelper.m; sourceTree = "<group>"; };
		5688DDFE1A067B8400F65FE9 /* BAPlistFileManager.h */ = {isa = PBXFileReference; fileEncoding = 4; lastKnownFileType = sourcecode.c.h; path = BAPlistFileManager.h; sourceTree = "<group>"; };
		5688DDFF1A067B8400F65FE9 /* BAPlistFileManager.m */ = {isa = PBXFileReference; fileEncoding = 4; lastKnownFileType = sourcecode.c.objc; path = BAPlistFileManager.m; sourceTree = "<group>"; };
		5688DE011A067B8400F65FE9 /* BALocationManager.h */ = {isa = PBXFileReference; fileEncoding = 4; lastKnownFileType = sourcecode.c.h; path = BALocationManager.h; sourceTree = "<group>"; };
		5688DE021A067B8400F65FE9 /* BALocationManager.m */ = {isa = PBXFileReference; fileEncoding = 4; lastKnownFileType = sourcecode.c.objc; path = BALocationManager.m; sourceTree = "<group>"; };
		5688DE031A067B8400F65FE9 /* ProtableCore.h */ = {isa = PBXFileReference; fileEncoding = 4; lastKnownFileType = sourcecode.c.h; path = ProtableCore.h; sourceTree = "<group>"; };
		5688DE041A067B8400F65FE9 /* ProtableDefines.h */ = {isa = PBXFileReference; fileEncoding = 4; lastKnownFileType = sourcecode.c.h; path = ProtableDefines.h; sourceTree = "<group>"; };
		5688DE081A067B8400F65FE9 /* BAApplication.h */ = {isa = PBXFileReference; fileEncoding = 4; lastKnownFileType = sourcecode.c.h; path = BAApplication.h; sourceTree = "<group>"; };
		5688DE091A067B8400F65FE9 /* BAApplication.m */ = {isa = PBXFileReference; fileEncoding = 4; lastKnownFileType = sourcecode.c.objc; path = BAApplication.m; sourceTree = "<group>"; };
		5688DE0C1A067B8400F65FE9 /* BAUserConfig.h */ = {isa = PBXFileReference; fileEncoding = 4; lastKnownFileType = sourcecode.c.h; path = BAUserConfig.h; sourceTree = "<group>"; };
		5688DE0D1A067B8400F65FE9 /* BAUserConfig.m */ = {isa = PBXFileReference; fileEncoding = 4; lastKnownFileType = sourcecode.c.objc; path = BAUserConfig.m; sourceTree = "<group>"; };
		5688DE0E1A067B8400F65FE9 /* BAUtility.h */ = {isa = PBXFileReference; fileEncoding = 4; lastKnownFileType = sourcecode.c.h; path = BAUtility.h; sourceTree = "<group>"; };
		5688DE0F1A067B8400F65FE9 /* BAUtility.m */ = {isa = PBXFileReference; fileEncoding = 4; lastKnownFileType = sourcecode.c.objc; path = BAUtility.m; sourceTree = "<group>"; };
		5688DE141A067B8400F65FE9 /* BASkin.h */ = {isa = PBXFileReference; fileEncoding = 4; lastKnownFileType = sourcecode.c.h; path = BASkin.h; sourceTree = "<group>"; };
		5688DE151A067B8400F65FE9 /* BASkin.m */ = {isa = PBXFileReference; fileEncoding = 4; lastKnownFileType = sourcecode.c.objc; path = BASkin.m; sourceTree = "<group>"; };
		5688DE161A067B8400F65FE9 /* BASkinResourceManager.h */ = {isa = PBXFileReference; fileEncoding = 4; lastKnownFileType = sourcecode.c.h; path = BASkinResourceManager.h; sourceTree = "<group>"; };
		5688DE171A067B8400F65FE9 /* BASkinResourceManager.m */ = {isa = PBXFileReference; fileEncoding = 4; lastKnownFileType = sourcecode.c.objc; path = BASkinResourceManager.m; sourceTree = "<group>"; };
		5688DE1A1A067B8400F65FE9 /* BAAttributedText.h */ = {isa = PBXFileReference; fileEncoding = 4; lastKnownFileType = sourcecode.c.h; path = BAAttributedText.h; sourceTree = "<group>"; };
		5688DE1B1A067B8400F65FE9 /* BAAttributedText.m */ = {isa = PBXFileReference; fileEncoding = 4; lastKnownFileType = sourcecode.c.objc; path = BAAttributedText.m; sourceTree = "<group>"; };
		5688DE1C1A067B8400F65FE9 /* BAAttributedTextView.h */ = {isa = PBXFileReference; fileEncoding = 4; lastKnownFileType = sourcecode.c.h; path = BAAttributedTextView.h; sourceTree = "<group>"; };
		5688DE1D1A067B8400F65FE9 /* BAAttributedTextView.m */ = {isa = PBXFileReference; fileEncoding = 4; lastKnownFileType = sourcecode.c.objc; path = BAAttributedTextView.m; sourceTree = "<group>"; };
		5688DE1E1A067B8400F65FE9 /* NSAttributedString+Height.h */ = {isa = PBXFileReference; fileEncoding = 4; lastKnownFileType = sourcecode.c.h; path = "NSAttributedString+Height.h"; sourceTree = "<group>"; };
		5688DE1F1A067B8400F65FE9 /* NSAttributedString+Height.m */ = {isa = PBXFileReference; fileEncoding = 4; lastKnownFileType = sourcecode.c.objc; path = "NSAttributedString+Height.m"; sourceTree = "<group>"; };
		5688DE201A067B8400F65FE9 /* ProtableExtensions.h */ = {isa = PBXFileReference; fileEncoding = 4; lastKnownFileType = sourcecode.c.h; path = ProtableExtensions.h; sourceTree = "<group>"; };
		5688DE231A067B8400F65FE9 /* BAButtonItem.h */ = {isa = PBXFileReference; fileEncoding = 4; lastKnownFileType = sourcecode.c.h; path = BAButtonItem.h; sourceTree = "<group>"; };
		5688DE241A067B8400F65FE9 /* BAButtonItem.m */ = {isa = PBXFileReference; fileEncoding = 4; lastKnownFileType = sourcecode.c.objc; path = BAButtonItem.m; sourceTree = "<group>"; };
		5688DE251A067B8400F65FE9 /* UIActionSheet+Blocks.h */ = {isa = PBXFileReference; fileEncoding = 4; lastKnownFileType = sourcecode.c.h; path = "UIActionSheet+Blocks.h"; sourceTree = "<group>"; };
		5688DE261A067B8400F65FE9 /* UIActionSheet+Blocks.m */ = {isa = PBXFileReference; fileEncoding = 4; lastKnownFileType = sourcecode.c.objc; path = "UIActionSheet+Blocks.m"; sourceTree = "<group>"; };
		5688DE271A067B8400F65FE9 /* UIAlertView+Blocks.h */ = {isa = PBXFileReference; fileEncoding = 4; lastKnownFileType = sourcecode.c.h; path = "UIAlertView+Blocks.h"; sourceTree = "<group>"; };
		5688DE281A067B8400F65FE9 /* UIAlertView+Blocks.m */ = {isa = PBXFileReference; fileEncoding = 4; lastKnownFileType = sourcecode.c.objc; path = "UIAlertView+Blocks.m"; sourceTree = "<group>"; };
		5688DE2B1A067B8400F65FE9 /* BACheckBox.h */ = {isa = PBXFileReference; fileEncoding = 4; lastKnownFileType = sourcecode.c.h; path = BACheckBox.h; sourceTree = "<group>"; };
		5688DE2C1A067B8400F65FE9 /* BACheckBox.m */ = {isa = PBXFileReference; fileEncoding = 4; lastKnownFileType = sourcecode.c.objc; path = BACheckBox.m; sourceTree = "<group>"; };
		5688DE301A067B8400F65FE9 /* BACollectionViewCell.h */ = {isa = PBXFileReference; fileEncoding = 4; lastKnownFileType = sourcecode.c.h; path = BACollectionViewCell.h; sourceTree = "<group>"; };
		5688DE311A067B8400F65FE9 /* BACollectionViewCell.m */ = {isa = PBXFileReference; fileEncoding = 4; lastKnownFileType = sourcecode.c.objc; path = BACollectionViewCell.m; sourceTree = "<group>"; };
		5688DE321A067B8400F65FE9 /* BACollectionViewLineLayout.h */ = {isa = PBXFileReference; fileEncoding = 4; lastKnownFileType = sourcecode.c.h; path = BACollectionViewLineLayout.h; sourceTree = "<group>"; };
		5688DE331A067B8400F65FE9 /* BACollectionViewLineLayout.m */ = {isa = PBXFileReference; fileEncoding = 4; lastKnownFileType = sourcecode.c.objc; path = BACollectionViewLineLayout.m; sourceTree = "<group>"; };
		5688DE341A067B8400F65FE9 /* BALineCollectionView.h */ = {isa = PBXFileReference; fileEncoding = 4; lastKnownFileType = sourcecode.c.h; path = BALineCollectionView.h; sourceTree = "<group>"; };
		5688DE351A067B8400F65FE9 /* BALineCollectionView.m */ = {isa = PBXFileReference; fileEncoding = 4; lastKnownFileType = sourcecode.c.objc; path = BALineCollectionView.m; sourceTree = "<group>"; };
		5688DE361A067B8400F65FE9 /* BAOverlayView.h */ = {isa = PBXFileReference; fileEncoding = 4; lastKnownFileType = sourcecode.c.h; path = BAOverlayView.h; sourceTree = "<group>"; };
		5688DE371A067B8400F65FE9 /* BAOverlayView.m */ = {isa = PBXFileReference; fileEncoding = 4; lastKnownFileType = sourcecode.c.objc; path = BAOverlayView.m; sourceTree = "<group>"; };
		5688DE391A067B8400F65FE9 /* BADatePickerView.h */ = {isa = PBXFileReference; fileEncoding = 4; lastKnownFileType = sourcecode.c.h; path = BADatePickerView.h; sourceTree = "<group>"; };
		5688DE3A1A067B8400F65FE9 /* BADatePickerView.m */ = {isa = PBXFileReference; fileEncoding = 4; lastKnownFileType = sourcecode.c.objc; path = BADatePickerView.m; sourceTree = "<group>"; };
		5688DE3B1A067B8400F65FE9 /* BAMaskPickerView.h */ = {isa = PBXFileReference; fileEncoding = 4; lastKnownFileType = sourcecode.c.h; path = BAMaskPickerView.h; sourceTree = "<group>"; };
		5688DE3C1A067B8400F65FE9 /* BAMaskPickerView.m */ = {isa = PBXFileReference; fileEncoding = 4; lastKnownFileType = sourcecode.c.objc; path = BAMaskPickerView.m; sourceTree = "<group>"; };
		5688DE3D1A067B8400F65FE9 /* BAPickerView.h */ = {isa = PBXFileReference; fileEncoding = 4; lastKnownFileType = sourcecode.c.h; path = BAPickerView.h; sourceTree = "<group>"; };
		5688DE3E1A067B8400F65FE9 /* BAPickerView.m */ = {isa = PBXFileReference; fileEncoding = 4; lastKnownFileType = sourcecode.c.objc; path = BAPickerView.m; sourceTree = "<group>"; };
		5688DE3F1A067B8400F65FE9 /* BAPickerViewDelegate.h */ = {isa = PBXFileReference; fileEncoding = 4; lastKnownFileType = sourcecode.c.h; path = BAPickerViewDelegate.h; sourceTree = "<group>"; };
		5688DE401A067B8400F65FE9 /* BAPickerViewWithSwitch.h */ = {isa = PBXFileReference; fileEncoding = 4; lastKnownFileType = sourcecode.c.h; path = BAPickerViewWithSwitch.h; sourceTree = "<group>"; };
		5688DE411A067B8400F65FE9 /* BAPickerViewWithSwitch.m */ = {isa = PBXFileReference; fileEncoding = 4; lastKnownFileType = sourcecode.c.objc; path = BAPickerViewWithSwitch.m; sourceTree = "<group>"; };
		5688DE421A067B8400F65FE9 /* BASwitchButton.h */ = {isa = PBXFileReference; fileEncoding = 4; lastKnownFileType = sourcecode.c.h; path = BASwitchButton.h; sourceTree = "<group>"; };
		5688DE431A067B8400F65FE9 /* BASwitchButton.m */ = {isa = PBXFileReference; fileEncoding = 4; lastKnownFileType = sourcecode.c.objc; path = BASwitchButton.m; sourceTree = "<group>"; };
		5688DE491A067B8400F65FE9 /* BAImageGridCell.h */ = {isa = PBXFileReference; fileEncoding = 4; lastKnownFileType = sourcecode.c.h; path = BAImageGridCell.h; sourceTree = "<group>"; };
		5688DE4A1A067B8400F65FE9 /* BAImageGridCell.m */ = {isa = PBXFileReference; fileEncoding = 4; lastKnownFileType = sourcecode.c.objc; path = BAImageGridCell.m; sourceTree = "<group>"; };
		5688DE4B1A067B8400F65FE9 /* BBLeftImageViewCell.h */ = {isa = PBXFileReference; fileEncoding = 4; lastKnownFileType = sourcecode.c.h; path = BBLeftImageViewCell.h; sourceTree = "<group>"; };
		5688DE4C1A067B8400F65FE9 /* BBLeftImageViewCell.m */ = {isa = PBXFileReference; fileEncoding = 4; lastKnownFileType = sourcecode.c.objc; path = BBLeftImageViewCell.m; sourceTree = "<group>"; };
		5688DE4D1A067B8400F65FE9 /* BBRightViewCell.h */ = {isa = PBXFileReference; fileEncoding = 4; lastKnownFileType = sourcecode.c.h; path = BBRightViewCell.h; sourceTree = "<group>"; };
		5688DE4E1A067B8400F65FE9 /* BBRightViewCell.m */ = {isa = PBXFileReference; fileEncoding = 4; lastKnownFileType = sourcecode.c.objc; path = BBRightViewCell.m; sourceTree = "<group>"; };
		5688DE4F1A067B8400F65FE9 /* BASelectFlagGridCell.h */ = {isa = PBXFileReference; fileEncoding = 4; lastKnownFileType = sourcecode.c.h; path = BASelectFlagGridCell.h; sourceTree = "<group>"; };
		5688DE501A067B8400F65FE9 /* BASelectFlagGridCell.m */ = {isa = PBXFileReference; fileEncoding = 4; lastKnownFileType = sourcecode.c.objc; path = BASelectFlagGridCell.m; sourceTree = "<group>"; };
		5688DE511A067B8400F65FE9 /* Protable.h */ = {isa = PBXFileReference; fileEncoding = 4; lastKnownFileType = sourcecode.c.h; path = Protable.h; sourceTree = "<group>"; };
		5688DE961A067D5C00F65FE9 /* UIButton+Protable.h */ = {isa = PBXFileReference; fileEncoding = 4; lastKnownFileType = sourcecode.c.h; path = "UIButton+Protable.h"; sourceTree = "<group>"; };
		5688DE971A067D5C00F65FE9 /* UIButton+Protable.m */ = {isa = PBXFileReference; fileEncoding = 4; lastKnownFileType = sourcecode.c.objc; path = "UIButton+Protable.m"; sourceTree = "<group>"; };
		5688DE981A067D5C00F65FE9 /* UILabel+Protable.h */ = {isa = PBXFileReference; fileEncoding = 4; lastKnownFileType = sourcecode.c.h; path = "UILabel+Protable.h"; sourceTree = "<group>"; };
		5688DE991A067D5C00F65FE9 /* UILabel+Protable.m */ = {isa = PBXFileReference; fileEncoding = 4; lastKnownFileType = sourcecode.c.objc; path = "UILabel+Protable.m"; sourceTree = "<group>"; };
		5688DE9A1A067D5C00F65FE9 /* UIView+BAAdditions.h */ = {isa = PBXFileReference; fileEncoding = 4; lastKnownFileType = sourcecode.c.h; path = "UIView+BAAdditions.h"; sourceTree = "<group>"; };
		5688DE9B1A067D5C00F65FE9 /* UIView+BAAdditions.m */ = {isa = PBXFileReference; fileEncoding = 4; lastKnownFileType = sourcecode.c.objc; path = "UIView+BAAdditions.m"; sourceTree = "<group>"; };
		5688DE9C1A067D5C00F65FE9 /* UIView+Bounce.h */ = {isa = PBXFileReference; fileEncoding = 4; lastKnownFileType = sourcecode.c.h; path = "UIView+Bounce.h"; sourceTree = "<group>"; };
		5688DE9D1A067D5C00F65FE9 /* UIView+Bounce.m */ = {isa = PBXFileReference; fileEncoding = 4; lastKnownFileType = sourcecode.c.objc; path = "UIView+Bounce.m"; sourceTree = "<group>"; };
		568A55F71A0614C200163FA3 /* Demo.app */ = {isa = PBXFileReference; explicitFileType = wrapper.application; includeInIndex = 0; path = Demo.app; sourceTree = BUILT_PRODUCTS_DIR; };
		568A55FB1A0614C200163FA3 /* Info.plist */ = {isa = PBXFileReference; lastKnownFileType = text.plist.xml; path = Info.plist; sourceTree = "<group>"; };
		568A55FC1A0614C200163FA3 /* main.m */ = {isa = PBXFileReference; lastKnownFileType = sourcecode.c.objc; path = main.m; sourceTree = "<group>"; };
		568A56011A0614C200163FA3 /* Images.xcassets */ = {isa = PBXFileReference; lastKnownFileType = folder.assetcatalog; path = Images.xcassets; sourceTree = "<group>"; };
		568A56041A0614C200163FA3 /* Base */ = {isa = PBXFileReference; lastKnownFileType = file.xib; name = Base; path = Base.lproj/LaunchScreen.xib; sourceTree = "<group>"; };
		568A560A1A0614C200163FA3 /* DemoTests.xctest */ = {isa = PBXFileReference; explicitFileType = wrapper.cfbundle; includeInIndex = 0; path = DemoTests.xctest; sourceTree = BUILT_PRODUCTS_DIR; };
		568A560F1A0614C200163FA3 /* Info.plist */ = {isa = PBXFileReference; lastKnownFileType = text.plist.xml; path = Info.plist; sourceTree = "<group>"; };
		568A56101A0614C200163FA3 /* DemoTests.m */ = {isa = PBXFileReference; lastKnownFileType = sourcecode.c.objc; path = DemoTests.m; sourceTree = "<group>"; };
		568A561B1A0615BA00163FA3 /* Default-568h@2x.png */ = {isa = PBXFileReference; lastKnownFileType = image.png; path = "Default-568h@2x.png"; sourceTree = "<group>"; };
		568A566E1A0615BA00163FA3 /* skin_list.plist */ = {isa = PBXFileReference; fileEncoding = 4; lastKnownFileType = text.plist.xml; path = skin_list.plist; sourceTree = "<group>"; };
		568A56C31A0616A400163FA3 /* skin_basic */ = {isa = PBXFileReference; lastKnownFileType = folder; path = skin_basic; sourceTree = "<group>"; };
		568A56C41A0616A400163FA3 /* skin_common */ = {isa = PBXFileReference; lastKnownFileType = folder; path = skin_common; sourceTree = "<group>"; };
		568A56C51A0616A400163FA3 /* skin_night */ = {isa = PBXFileReference; lastKnownFileType = folder; path = skin_night; sourceTree = "<group>"; };
		568A57831A06176100163FA3 /* PrefixHeader.pch */ = {isa = PBXFileReference; lastKnownFileType = sourcecode.c.h; path = PrefixHeader.pch; sourceTree = "<group>"; };
		568A57FC1A061BE400163FA3 /* AppDelegate.h */ = {isa = PBXFileReference; fileEncoding = 4; lastKnownFileType = sourcecode.c.h; path = AppDelegate.h; sourceTree = "<group>"; };
		568A57FD1A061BE400163FA3 /* AppDelegate.m */ = {isa = PBXFileReference; fileEncoding = 4; lastKnownFileType = sourcecode.c.objc; path = AppDelegate.m; sourceTree = "<group>"; };
		568A57FE1A061BE400163FA3 /* AppNavigator.h */ = {isa = PBXFileReference; fileEncoding = 4; lastKnownFileType = sourcecode.c.h; path = AppNavigator.h; sourceTree = "<group>"; };
		568A57FF1A061BE400163FA3 /* AppNavigator.m */ = {isa = PBXFileReference; fileEncoding = 4; lastKnownFileType = sourcecode.c.objc; path = AppNavigator.m; sourceTree = "<group>"; };
		568A58001A061BE400163FA3 /* AppStartup.h */ = {isa = PBXFileReference; fileEncoding = 4; lastKnownFileType = sourcecode.c.h; path = AppStartup.h; sourceTree = "<group>"; };
		568A58011A061BE400163FA3 /* AppStartup.m */ = {isa = PBXFileReference; fileEncoding = 4; lastKnownFileType = sourcecode.c.objc; path = AppStartup.m; sourceTree = "<group>"; };
		568A58181A062FAE00163FA3 /* ForthViewController.h */ = {isa = PBXFileReference; fileEncoding = 4; lastKnownFileType = sourcecode.c.h; path = ForthViewController.h; sourceTree = "<group>"; };
		568A58191A062FAE00163FA3 /* ForthViewController.m */ = {isa = PBXFileReference; fileEncoding = 4; lastKnownFileType = sourcecode.c.objc; path = ForthViewController.m; sourceTree = "<group>"; };
		568A581E1A062FAE00163FA3 /* ThirdViewController.h */ = {isa = PBXFileReference; fileEncoding = 4; lastKnownFileType = sourcecode.c.h; path = ThirdViewController.h; sourceTree = "<group>"; };
		568A581F1A062FAE00163FA3 /* ThirdViewController.m */ = {isa = PBXFileReference; fileEncoding = 4; lastKnownFileType = sourcecode.c.objc; path = ThirdViewController.m; sourceTree = "<group>"; };
		ED6B5C121A2DAAA3008CED69 /* NSString+Additions.h */ = {isa = PBXFileReference; fileEncoding = 4; lastKnownFileType = sourcecode.c.h; path = "NSString+Additions.h"; sourceTree = "<group>"; };
		ED6B5C131A2DAAA3008CED69 /* NSString+Additions.m */ = {isa = PBXFileReference; fileEncoding = 4; lastKnownFileType = sourcecode.c.objc; path = "NSString+Additions.m"; sourceTree = "<group>"; };
		ED943E091A89A041006A5C73 /* DECTestLabelViewController.h */ = {isa = PBXFileReference; fileEncoding = 4; lastKnownFileType = sourcecode.c.h; path = DECTestLabelViewController.h; sourceTree = "<group>"; };
		ED943E0A1A89A041006A5C73 /* DECTestLabelViewController.m */ = {isa = PBXFileReference; fileEncoding = 4; lastKnownFileType = sourcecode.c.objc; path = DECTestLabelViewController.m; sourceTree = "<group>"; };
/* End PBXFileReference section */

/* Begin PBXFrameworksBuildPhase section */
		568A55F41A0614C200163FA3 /* Frameworks */ = {
			isa = PBXFrameworksBuildPhase;
			buildActionMask = 2147483647;
			files = (
			);
			runOnlyForDeploymentPostprocessing = 0;
		};
		568A56071A0614C200163FA3 /* Frameworks */ = {
			isa = PBXFrameworksBuildPhase;
			buildActionMask = 2147483647;
			files = (
			);
			runOnlyForDeploymentPostprocessing = 0;
		};
/* End PBXFrameworksBuildPhase section */

/* Begin PBXGroup section */
		17285EF81A474E620047A25A /* CoreExamples */ = {
			isa = PBXGroup;
			children = (
				17285EF91A474E620047A25A /* DECoreExamplesViewController.h */,
				17285EFA1A474E620047A25A /* DECoreExamplesViewController.m */,
				17285F031A4752120047A25A /* CategoriesExamples */,
				17285F061A4752120047A25A /* ControllersExamples */,
				17285F091A4752120047A25A /* FileExamples */,
				17285F0C1A4752120047A25A /* UtilitiesExamples */,
				17285F0F1A4752120047A25A /* ViewExamples */,
			);
			path = CoreExamples;
			sourceTree = "<group>";
		};
		17285EFB1A474E620047A25A /* ExtensionsExamples */ = {
			isa = PBXGroup;
			children = (
				17285EFC1A474E620047A25A /* DEExtensionsExamplesViewController.h */,
				17285EFD1A474E620047A25A /* DEExtensionsExamplesViewController.m */,
			);
			path = ExtensionsExamples;
			sourceTree = "<group>";
		};
		17285F031A4752120047A25A /* CategoriesExamples */ = {
			isa = PBXGroup;
			children = (
				17285F041A4752120047A25A /* DECCategoriesViewController.h */,
				17285F051A4752120047A25A /* DECCategoriesViewController.m */,
			);
			path = CategoriesExamples;
			sourceTree = "<group>";
		};
		17285F061A4752120047A25A /* ControllersExamples */ = {
			isa = PBXGroup;
			children = (
				17285F071A4752120047A25A /* DECControllersViewController.h */,
				17285F081A4752120047A25A /* DECControllersViewController.m */,
			);
			path = ControllersExamples;
			sourceTree = "<group>";
		};
		17285F091A4752120047A25A /* FileExamples */ = {
			isa = PBXGroup;
			children = (
				17285F0A1A4752120047A25A /* DECFileViewController.h */,
				17285F0B1A4752120047A25A /* DECFileViewController.m */,
			);
			path = FileExamples;
			sourceTree = "<group>";
		};
		17285F0C1A4752120047A25A /* UtilitiesExamples */ = {
			isa = PBXGroup;
			children = (
				17285F0D1A4752120047A25A /* DECUtilitiesViewController.h */,
				17285F0E1A4752120047A25A /* DECUtilitiesViewController.m */,
			);
			path = UtilitiesExamples;
			sourceTree = "<group>";
		};
		17285F0F1A4752120047A25A /* ViewExamples */ = {
			isa = PBXGroup;
			children = (
				17285F101A4752120047A25A /* DECViewViewController.h */,
				17285F111A4752120047A25A /* DECViewViewController.m */,
				ED943E091A89A041006A5C73 /* DECTestLabelViewController.h */,
				ED943E0A1A89A041006A5C73 /* DECTestLabelViewController.m */,
			);
			path = ViewExamples;
			sourceTree = "<group>";
		};
		17CA1AE41B40003C0028848D /* Controllers */ = {
			isa = PBXGroup;
			children = (
				17CA1AE51B40003C0028848D /* BANaviBackButton.h */,
				17CA1AE61B40003C0028848D /* BANaviBackButton.m */,
				17CA1AE71B40003C0028848D /* BBTableViewController.h */,
				17CA1AE81B40003C0028848D /* BBTableViewController.m */,
				17CA1AE91B40003C0028848D /* BAViewController.h */,
				17CA1AEA1B40003C0028848D /* BAViewController.m */,
				17CA1AEB1B40003C0028848D /* BAWebViewController.h */,
				17CA1AEC1B40003C0028848D /* BAWebViewController.m */,
				17CA1AED1B40003C0028848D /* TabBarController */,
				17CA1AF21B40003C0028848D /* UIViewController+BAAdditions.h */,
				17CA1AF31B40003C0028848D /* UIViewController+BAAdditions.m */,
			);
			path = Controllers;
			sourceTree = "<group>";
		};
		17CA1AED1B40003C0028848D /* TabBarController */ = {
			isa = PBXGroup;
			children = (
				17CA1AEE1B40003C0028848D /* BBTabBarController.h */,
				17CA1AEF1B40003C0028848D /* BBTabBarController.m */,
				17CA1AF01B40003C0028848D /* BBTabBarItem.h */,
				17CA1AF11B40003C0028848D /* BBTabBarItem.m */,
			);
			path = TabBarController;
			sourceTree = "<group>";
		};
		17E940761AF6318200853A1E /* SkinScheme */ = {
			isa = PBXGroup;
			children = (
				17E940771AF6318200853A1E /* BASkinBackButton.h */,
				17E940781AF6318200853A1E /* BASkinBackButton.m */,
				17E940791AF6318200853A1E /* BASkinBlankCell.h */,
				17E9407A1AF6318200853A1E /* BASkinBlankCell.m */,
				17E9407B1AF6318200853A1E /* BASkinButton+NaviBar.h */,
				17E9407C1AF6318200853A1E /* BASkinButton+NaviBar.m */,
				17E9407D1AF6318200853A1E /* BASkinButton.h */,
				17E9407E1AF6318200853A1E /* BASkinButton.m */,
				17E9407F1AF6318200853A1E /* BASkinCollectionViewCell.h */,
				17E940801AF6318200853A1E /* BASkinCollectionViewCell.m */,
				17E940811AF6318200853A1E /* BASkinImageView.h */,
				17E940821AF6318200853A1E /* BASkinImageView.m */,
				17E940831AF6318200853A1E /* BASkinLabel.h */,
				17E940841AF6318200853A1E /* BASkinLabel.m */,
				17E940851AF6318200853A1E /* BASkinRightViewCell.h */,
				17E940861AF6318200853A1E /* BASkinRightViewCell.m */,
				17E940871AF6318200853A1E /* BASkinSwitchButton.h */,
				17E940881AF6318200853A1E /* BASkinSwitchButton.m */,
				17E940891AF6318200853A1E /* BASkinToolbar.h */,
				17E9408A1AF6318200853A1E /* BASkinToolbar.m */,
				17E9408B1AF6318200853A1E /* BASkinView.h */,
				17E9408C1AF6318200853A1E /* BASkinView.m */,
				17E9408D1AF6318200853A1E /* BASkinViewController.h */,
				17E9408E1AF6318200853A1E /* BASkinViewController.m */,
			);
			path = SkinScheme;
			sourceTree = "<group>";
		};
		5688DDCB1A067B8400F65FE9 /* Protable */ = {
			isa = PBXGroup;
			children = (
				5688DDCC1A067B8400F65FE9 /* Core */,
				5688DE181A067B8400F65FE9 /* Extensions */,
				5688DE511A067B8400F65FE9 /* Protable.h */,
			);
			name = Protable;
			path = ../Protable;
			sourceTree = "<group>";
		};
		5688DDCC1A067B8400F65FE9 /* Core */ = {
			isa = PBXGroup;
			children = (
				5688DDCD1A067B8400F65FE9 /* BBCustomize.h */,
				5688DDCE1A067B8400F65FE9 /* BBCustomize.m */,
				17CA1AE41B40003C0028848D /* Controllers */,
				5688DDCF1A067B8400F65FE9 /* Categories */,
				5688DE941A067D5C00F65FE9 /* View */,
				5688DDF31A067B8400F65FE9 /* File */,
				5688DE071A067B8400F65FE9 /* Utilities */,
				5688DE001A067B8400F65FE9 /* Location */,
				5688DE031A067B8400F65FE9 /* ProtableCore.h */,
				5688DE041A067B8400F65FE9 /* ProtableDefines.h */,
			);
			path = Core;
			sourceTree = "<group>";
		};
		5688DDCF1A067B8400F65FE9 /* Categories */ = {
			isa = PBXGroup;
			children = (
				ED6B5C121A2DAAA3008CED69 /* NSString+Additions.h */,
				ED6B5C131A2DAAA3008CED69 /* NSString+Additions.m */,
				5688DDD01A067B8400F65FE9 /* NSArray+Json.h */,
				5688DDD11A067B8400F65FE9 /* NSArray+Json.m */,
				5688DDD21A067B8400F65FE9 /* NSDate+BAAdditions.h */,
				5688DDD31A067B8400F65FE9 /* NSDate+BAAdditions.m */,
				5688DDD41A067B8400F65FE9 /* NSDictionary+Json.h */,
				5688DDD51A067B8400F65FE9 /* NSDictionary+Json.m */,
				5688DDDA1A067B8400F65FE9 /* UIColor+BAAdditions.h */,
				5688DDDB1A067B8400F65FE9 /* UIColor+BAAdditions.m */,
				5688DDDC1A067B8400F65FE9 /* UIDevice+BAAdditions.h */,
				5688DDDD1A067B8400F65FE9 /* UIDevice+BAAdditions.m */,
				170659101A473AF600B58000 /* UIImage+BAAdditions.h */,
				170659111A473AF600B58000 /* UIImage+BAAdditions.m */,
			);
			path = Categories;
			sourceTree = "<group>";
		};
		5688DDF31A067B8400F65FE9 /* File */ = {
			isa = PBXGroup;
			children = (
				5688DDF41A067B8400F65FE9 /* BADiskCache.h */,
				5688DDF51A067B8400F65FE9 /* BADiskCache.m */,
				5688DDF61A067B8400F65FE9 /* BAFile.h */,
				5688DDF71A067B8400F65FE9 /* BAFile.m */,
				5688DDF81A067B8400F65FE9 /* BAFileDiskCache.h */,
				5688DDF91A067B8400F65FE9 /* BAFileDiskCache.m */,
				5688DDFA1A067B8400F65FE9 /* BAImageFileHelper.h */,
				5688DDFB1A067B8400F65FE9 /* BAImageFileHelper.m */,
				5688DDFC1A067B8400F65FE9 /* BAJsonFileHelper.h */,
				5688DDFD1A067B8400F65FE9 /* BAJsonFileHelper.m */,
				5688DDFE1A067B8400F65FE9 /* BAPlistFileManager.h */,
				5688DDFF1A067B8400F65FE9 /* BAPlistFileManager.m */,
			);
			path = File;
			sourceTree = "<group>";
		};
		5688DE001A067B8400F65FE9 /* Location */ = {
			isa = PBXGroup;
			children = (
				5688DE011A067B8400F65FE9 /* BALocationManager.h */,
				5688DE021A067B8400F65FE9 /* BALocationManager.m */,
			);
			path = Location;
			sourceTree = "<group>";
		};
		5688DE071A067B8400F65FE9 /* Utilities */ = {
			isa = PBXGroup;
			children = (
				5688DE081A067B8400F65FE9 /* BAApplication.h */,
				5688DE091A067B8400F65FE9 /* BAApplication.m */,
				5688DE0C1A067B8400F65FE9 /* BAUserConfig.h */,
				5688DE0D1A067B8400F65FE9 /* BAUserConfig.m */,
				5688DE0E1A067B8400F65FE9 /* BAUtility.h */,
				5688DE0F1A067B8400F65FE9 /* BAUtility.m */,
				5688DE131A067B8400F65FE9 /* Skin */,
			);
			path = Utilities;
			sourceTree = "<group>";
		};
		5688DE131A067B8400F65FE9 /* Skin */ = {
			isa = PBXGroup;
			children = (
				5688DE141A067B8400F65FE9 /* BASkin.h */,
				5688DE151A067B8400F65FE9 /* BASkin.m */,
				5688DE161A067B8400F65FE9 /* BASkinResourceManager.h */,
				5688DE171A067B8400F65FE9 /* BASkinResourceManager.m */,
			);
			path = Skin;
			sourceTree = "<group>";
		};
		5688DE181A067B8400F65FE9 /* Extensions */ = {
			isa = PBXGroup;
			children = (
				17E940761AF6318200853A1E /* SkinScheme */,
				5688DE191A067B8400F65FE9 /* Attributed */,
				5688DE201A067B8400F65FE9 /* ProtableExtensions.h */,
				5688DE211A067B8400F65FE9 /* View */,
			);
			path = Extensions;
			sourceTree = "<group>";
		};
		5688DE191A067B8400F65FE9 /* Attributed */ = {
			isa = PBXGroup;
			children = (
				5688DE1A1A067B8400F65FE9 /* BAAttributedText.h */,
				5688DE1B1A067B8400F65FE9 /* BAAttributedText.m */,
				5688DE1C1A067B8400F65FE9 /* BAAttributedTextView.h */,
				5688DE1D1A067B8400F65FE9 /* BAAttributedTextView.m */,
				5688DE1E1A067B8400F65FE9 /* NSAttributedString+Height.h */,
				5688DE1F1A067B8400F65FE9 /* NSAttributedString+Height.m */,
			);
			path = Attributed;
			sourceTree = "<group>";
		};
		5688DE211A067B8400F65FE9 /* View */ = {
			isa = PBXGroup;
			children = (
				5688DE221A067B8400F65FE9 /* AlertBlock */,
				5688DE2B1A067B8400F65FE9 /* BACheckBox.h */,
				5688DE2C1A067B8400F65FE9 /* BACheckBox.m */,
				17E9409B1AF633FA00853A1E /* BAImageView.h */,
				17E9409C1AF633FA00853A1E /* BAImageView.m */,
				5688DE2F1A067B8400F65FE9 /* BALineCollectionView */,
				5688DE361A067B8400F65FE9 /* BAOverlayView.h */,
				5688DE371A067B8400F65FE9 /* BAOverlayView.m */,
				5688DE381A067B8400F65FE9 /* BAPickerView */,
				5688DE421A067B8400F65FE9 /* BASwitchButton.h */,
				5688DE431A067B8400F65FE9 /* BASwitchButton.m */,
				5688DE441A067B8400F65FE9 /* Cell */,
			);
			path = View;
			sourceTree = "<group>";
		};
		5688DE221A067B8400F65FE9 /* AlertBlock */ = {
			isa = PBXGroup;
			children = (
				5688DE231A067B8400F65FE9 /* BAButtonItem.h */,
				5688DE241A067B8400F65FE9 /* BAButtonItem.m */,
				5688DE251A067B8400F65FE9 /* UIActionSheet+Blocks.h */,
				5688DE261A067B8400F65FE9 /* UIActionSheet+Blocks.m */,
				5688DE271A067B8400F65FE9 /* UIAlertView+Blocks.h */,
				5688DE281A067B8400F65FE9 /* UIAlertView+Blocks.m */,
			);
			path = AlertBlock;
			sourceTree = "<group>";
		};
		5688DE2F1A067B8400F65FE9 /* BALineCollectionView */ = {
			isa = PBXGroup;
			children = (
				5688DE301A067B8400F65FE9 /* BACollectionViewCell.h */,
				5688DE311A067B8400F65FE9 /* BACollectionViewCell.m */,
				5688DE321A067B8400F65FE9 /* BACollectionViewLineLayout.h */,
				5688DE331A067B8400F65FE9 /* BACollectionViewLineLayout.m */,
				5688DE341A067B8400F65FE9 /* BALineCollectionView.h */,
				5688DE351A067B8400F65FE9 /* BALineCollectionView.m */,
			);
			path = BALineCollectionView;
			sourceTree = "<group>";
		};
		5688DE381A067B8400F65FE9 /* BAPickerView */ = {
			isa = PBXGroup;
			children = (
				5688DE391A067B8400F65FE9 /* BADatePickerView.h */,
				5688DE3A1A067B8400F65FE9 /* BADatePickerView.m */,
				5688DE3B1A067B8400F65FE9 /* BAMaskPickerView.h */,
				5688DE3C1A067B8400F65FE9 /* BAMaskPickerView.m */,
				5688DE3D1A067B8400F65FE9 /* BAPickerView.h */,
				5688DE3E1A067B8400F65FE9 /* BAPickerView.m */,
				5688DE3F1A067B8400F65FE9 /* BAPickerViewDelegate.h */,
				5688DE401A067B8400F65FE9 /* BAPickerViewWithSwitch.h */,
				5688DE411A067B8400F65FE9 /* BAPickerViewWithSwitch.m */,
			);
			path = BAPickerView;
			sourceTree = "<group>";
		};
		5688DE441A067B8400F65FE9 /* Cell */ = {
			isa = PBXGroup;
			children = (
				17CA1AFB1B4005F00028848D /* BBTableViewCell.h */,
				17CA1AFC1B4005F00028848D /* BBTableViewCell.m */,
				5688DE491A067B8400F65FE9 /* BAImageGridCell.h */,
				5688DE4A1A067B8400F65FE9 /* BAImageGridCell.m */,
				5688DE4B1A067B8400F65FE9 /* BBLeftImageViewCell.h */,
				5688DE4C1A067B8400F65FE9 /* BBLeftImageViewCell.m */,
				5688DE4D1A067B8400F65FE9 /* BBRightViewCell.h */,
				5688DE4E1A067B8400F65FE9 /* BBRightViewCell.m */,
				5688DE4F1A067B8400F65FE9 /* BASelectFlagGridCell.h */,
				5688DE501A067B8400F65FE9 /* BASelectFlagGridCell.m */,
			);
			path = Cell;
			sourceTree = "<group>";
		};
		5688DE941A067D5C00F65FE9 /* View */ = {
			isa = PBXGroup;
			children = (
				5688DE951A067D5C00F65FE9 /* Categories */,
			);
			path = View;
			sourceTree = "<group>";
		};
		5688DE951A067D5C00F65FE9 /* Categories */ = {
			isa = PBXGroup;
			children = (
				5688DE961A067D5C00F65FE9 /* UIButton+Protable.h */,
				5688DE971A067D5C00F65FE9 /* UIButton+Protable.m */,
				5688DE981A067D5C00F65FE9 /* UILabel+Protable.h */,
				5688DE991A067D5C00F65FE9 /* UILabel+Protable.m */,
				5688DE9A1A067D5C00F65FE9 /* UIView+BAAdditions.h */,
				5688DE9B1A067D5C00F65FE9 /* UIView+BAAdditions.m */,
				5688DE9C1A067D5C00F65FE9 /* UIView+Bounce.h */,
				5688DE9D1A067D5C00F65FE9 /* UIView+Bounce.m */,
				17285F171A47536E0047A25A /* UITableView+Additions.h */,
				17285F181A47536E0047A25A /* UITableView+Additions.m */,
			);
			path = Categories;
			sourceTree = "<group>";
		};
		568A55EE1A0614C200163FA3 = {
			isa = PBXGroup;
			children = (
				5688DDCB1A067B8400F65FE9 /* Protable */,
				568A55F91A0614C200163FA3 /* Demo */,
				568A560D1A0614C200163FA3 /* DemoTests */,
				568A55F81A0614C200163FA3 /* Products */,
			);
			sourceTree = "<group>";
		};
		568A55F81A0614C200163FA3 /* Products */ = {
			isa = PBXGroup;
			children = (
				568A55F71A0614C200163FA3 /* Demo.app */,
				568A560A1A0614C200163FA3 /* DemoTests.xctest */,
			);
			name = Products;
			sourceTree = "<group>";
		};
		568A55F91A0614C200163FA3 /* Demo */ = {
			isa = PBXGroup;
			children = (
				568A57FC1A061BE400163FA3 /* AppDelegate.h */,
				568A57FD1A061BE400163FA3 /* AppDelegate.m */,
				568A57FE1A061BE400163FA3 /* AppNavigator.h */,
				568A57FF1A061BE400163FA3 /* AppNavigator.m */,
				568A58001A061BE400163FA3 /* AppStartup.h */,
				568A58011A061BE400163FA3 /* AppStartup.m */,
				17285EF81A474E620047A25A /* CoreExamples */,
				17285EFB1A474E620047A25A /* ExtensionsExamples */,
				568A581D1A062FAE00163FA3 /* ThirdTab */,
				568A58171A062FAE00163FA3 /* ForthTab */,
				568A56011A0614C200163FA3 /* Images.xcassets */,
				568A56031A0614C200163FA3 /* LaunchScreen.xib */,
				568A561A1A0615BA00163FA3 /* Resource */,
				568A55FA1A0614C200163FA3 /* Supporting Files */,
			);
			path = Demo;
			sourceTree = "<group>";
		};
		568A55FA1A0614C200163FA3 /* Supporting Files */ = {
			isa = PBXGroup;
			children = (
				568A55FB1A0614C200163FA3 /* Info.plist */,
				568A55FC1A0614C200163FA3 /* main.m */,
				568A57831A06176100163FA3 /* PrefixHeader.pch */,
			);
			name = "Supporting Files";
			sourceTree = "<group>";
		};
		568A560D1A0614C200163FA3 /* DemoTests */ = {
			isa = PBXGroup;
			children = (
				568A56101A0614C200163FA3 /* DemoTests.m */,
				568A560E1A0614C200163FA3 /* Supporting Files */,
			);
			path = DemoTests;
			sourceTree = "<group>";
		};
		568A560E1A0614C200163FA3 /* Supporting Files */ = {
			isa = PBXGroup;
			children = (
				568A560F1A0614C200163FA3 /* Info.plist */,
			);
			name = "Supporting Files";
			sourceTree = "<group>";
		};
		568A561A1A0615BA00163FA3 /* Resource */ = {
			isa = PBXGroup;
			children = (
				568A561B1A0615BA00163FA3 /* Default-568h@2x.png */,
				568A566E1A0615BA00163FA3 /* skin_list.plist */,
				568A56C31A0616A400163FA3 /* skin_basic */,
				568A56C41A0616A400163FA3 /* skin_common */,
				568A56C51A0616A400163FA3 /* skin_night */,
			);
			path = Resource;
			sourceTree = "<group>";
		};
		568A58171A062FAE00163FA3 /* ForthTab */ = {
			isa = PBXGroup;
			children = (
				568A58181A062FAE00163FA3 /* ForthViewController.h */,
				568A58191A062FAE00163FA3 /* ForthViewController.m */,
			);
			path = ForthTab;
			sourceTree = "<group>";
		};
		568A581D1A062FAE00163FA3 /* ThirdTab */ = {
			isa = PBXGroup;
			children = (
				568A581E1A062FAE00163FA3 /* ThirdViewController.h */,
				568A581F1A062FAE00163FA3 /* ThirdViewController.m */,
			);
			path = ThirdTab;
			sourceTree = "<group>";
		};
/* End PBXGroup section */

/* Begin PBXNativeTarget section */
		568A55F61A0614C200163FA3 /* Demo */ = {
			isa = PBXNativeTarget;
			buildConfigurationList = 568A56141A0614C200163FA3 /* Build configuration list for PBXNativeTarget "Demo" */;
			buildPhases = (
				568A55F31A0614C200163FA3 /* Sources */,
				568A55F41A0614C200163FA3 /* Frameworks */,
				568A55F51A0614C200163FA3 /* Resources */,
			);
			buildRules = (
			);
			dependencies = (
			);
			name = Demo;
			productName = Demo;
			productReference = 568A55F71A0614C200163FA3 /* Demo.app */;
			productType = "com.apple.product-type.application";
		};
		568A56091A0614C200163FA3 /* DemoTests */ = {
			isa = PBXNativeTarget;
			buildConfigurationList = 568A56171A0614C200163FA3 /* Build configuration list for PBXNativeTarget "DemoTests" */;
			buildPhases = (
				568A56061A0614C200163FA3 /* Sources */,
				568A56071A0614C200163FA3 /* Frameworks */,
				568A56081A0614C200163FA3 /* Resources */,
			);
			buildRules = (
			);
			dependencies = (
				568A560C1A0614C200163FA3 /* PBXTargetDependency */,
			);
			name = DemoTests;
			productName = DemoTests;
			productReference = 568A560A1A0614C200163FA3 /* DemoTests.xctest */;
			productType = "com.apple.product-type.bundle.unit-test";
		};
/* End PBXNativeTarget section */

/* Begin PBXProject section */
		568A55EF1A0614C200163FA3 /* Project object */ = {
			isa = PBXProject;
			attributes = {
				LastUpgradeCheck = 0700;
				ORGANIZATIONNAME = "hou zhenyong";
				TargetAttributes = {
					568A55F61A0614C200163FA3 = {
						CreatedOnToolsVersion = 6.1;
						DevelopmentTeam = S4NWU843M5;
					};
					568A56091A0614C200163FA3 = {
						CreatedOnToolsVersion = 6.1;
						TestTargetID = 568A55F61A0614C200163FA3;
					};
				};
			};
			buildConfigurationList = 568A55F21A0614C200163FA3 /* Build configuration list for PBXProject "Demo" */;
			compatibilityVersion = "Xcode 3.2";
			developmentRegion = English;
			hasScannedForEncodings = 0;
			knownRegions = (
				en,
				Base,
			);
			mainGroup = 568A55EE1A0614C200163FA3;
			productRefGroup = 568A55F81A0614C200163FA3 /* Products */;
			projectDirPath = "";
			projectRoot = "";
			targets = (
				568A55F61A0614C200163FA3 /* Demo */,
				568A56091A0614C200163FA3 /* DemoTests */,
			);
		};
/* End PBXProject section */

/* Begin PBXResourcesBuildPhase section */
		568A55F51A0614C200163FA3 /* Resources */ = {
			isa = PBXResourcesBuildPhase;
			buildActionMask = 2147483647;
			files = (
				568A56C71A0616A400163FA3 /* skin_common in Resources */,
				568A56051A0614C200163FA3 /* LaunchScreen.xib in Resources */,
				568A56C61A0616A400163FA3 /* skin_basic in Resources */,
				568A56C81A0616A400163FA3 /* skin_night in Resources */,
				568A56021A0614C200163FA3 /* Images.xcassets in Resources */,
				568A56711A0615BA00163FA3 /* Default-568h@2x.png in Resources */,
				568A56C11A0615BA00163FA3 /* skin_list.plist in Resources */,
			);
			runOnlyForDeploymentPostprocessing = 0;
		};
		568A56081A0614C200163FA3 /* Resources */ = {
			isa = PBXResourcesBuildPhase;
			buildActionMask = 2147483647;
			files = (
			);
			runOnlyForDeploymentPostprocessing = 0;
		};
/* End PBXResourcesBuildPhase section */

/* Begin PBXSourcesBuildPhase section */
		568A55F31A0614C200163FA3 /* Sources */ = {
			isa = PBXSourcesBuildPhase;
			buildActionMask = 2147483647;
			files = (
				5688DE791A067B8400F65FE9 /* BACheckBox.m in Sources */,
				17E9409D1AF633FA00853A1E /* BAImageView.m in Sources */,
				5688DE581A067B8400F65FE9 /* UIColor+BAAdditions.m in Sources */,
				5688DE7C1A067B8400F65FE9 /* BACollectionViewLineLayout.m in Sources */,
				17E940971AF6318200853A1E /* BASkinSwitchButton.m in Sources */,
				17CA1AFD1B4005F00028848D /* BBTableViewCell.m in Sources */,
				17CA1AF51B40003C0028848D /* BBTableViewController.m in Sources */,
				5688DE641A067B8400F65FE9 /* BAFile.m in Sources */,
				5688DE871A067B8400F65FE9 /* BBLeftImageViewCell.m in Sources */,
				5688DE671A067B8400F65FE9 /* BAJsonFileHelper.m in Sources */,
				5688DE711A067B8400F65FE9 /* BASkinResourceManager.m in Sources */,
				5688DE691A067B8400F65FE9 /* BALocationManager.m in Sources */,
				5688DE551A067B8400F65FE9 /* NSDictionary+Json.m in Sources */,
				5688DE721A067B8400F65FE9 /* BAAttributedText.m in Sources */,
				5688DE861A067B8400F65FE9 /* BAImageGridCell.m in Sources */,
				17285F151A4752120047A25A /* DECUtilitiesViewController.m in Sources */,
				5688DE7B1A067B8400F65FE9 /* BACollectionViewCell.m in Sources */,
				5688DE881A067B8400F65FE9 /* BBRightViewCell.m in Sources */,
				17E9408F1AF6318200853A1E /* BASkinBackButton.m in Sources */,
				5688DE891A067B8400F65FE9 /* BASelectFlagGridCell.m in Sources */,
				5688DE801A067B8400F65FE9 /* BAMaskPickerView.m in Sources */,
				17E940921AF6318200853A1E /* BASkinButton.m in Sources */,
				5688DE661A067B8400F65FE9 /* BAImageFileHelper.m in Sources */,
				5688DEA01A067D5C00F65FE9 /* UIView+BAAdditions.m in Sources */,
				ED943E0B1A89A041006A5C73 /* DECTestLabelViewController.m in Sources */,
				17285F161A4752120047A25A /* DECViewViewController.m in Sources */,
				5688DE651A067B8400F65FE9 /* BAFileDiskCache.m in Sources */,
				17CA1AF71B40003C0028848D /* BAWebViewController.m in Sources */,
				5688DE541A067B8400F65FE9 /* NSDate+BAAdditions.m in Sources */,
				17E9409A1AF6318200853A1E /* BASkinViewController.m in Sources */,
				17285F141A4752120047A25A /* DECFileViewController.m in Sources */,
				17CA1AFA1B40003C0028848D /* UIViewController+BAAdditions.m in Sources */,
				17CA1AF91B40003C0028848D /* BBTabBarItem.m in Sources */,
				568A58041A061BE400163FA3 /* AppStartup.m in Sources */,
				5688DE521A067B8400F65FE9 /* BBCustomize.m in Sources */,
				17CA1AF41B40003C0028848D /* BANaviBackButton.m in Sources */,
				17285F191A47536E0047A25A /* UITableView+Additions.m in Sources */,
				568A58021A061BE400163FA3 /* AppDelegate.m in Sources */,
				170659121A473AF600B58000 /* UIImage+BAAdditions.m in Sources */,
				17E940931AF6318200853A1E /* BASkinCollectionViewCell.m in Sources */,
				5688DE731A067B8400F65FE9 /* BAAttributedTextView.m in Sources */,
				5688DE9E1A067D5C00F65FE9 /* UIButton+Protable.m in Sources */,
				17CA1AF81B40003C0028848D /* BBTabBarController.m in Sources */,
				568A58031A061BE400163FA3 /* AppNavigator.m in Sources */,
				17E940911AF6318200853A1E /* BASkinButton+NaviBar.m in Sources */,
				5688DE681A067B8400F65FE9 /* BAPlistFileManager.m in Sources */,
				5688DE751A067B8400F65FE9 /* BAButtonItem.m in Sources */,
				17E940981AF6318200853A1E /* BASkinToolbar.m in Sources */,
				5688DE761A067B8400F65FE9 /* UIActionSheet+Blocks.m in Sources */,
				5688DE821A067B8400F65FE9 /* BAPickerViewWithSwitch.m in Sources */,
				5688DE741A067B8400F65FE9 /* NSAttributedString+Height.m in Sources */,
				5688DE631A067B8400F65FE9 /* BADiskCache.m in Sources */,
				5688DEA11A067D5C00F65FE9 /* UIView+Bounce.m in Sources */,
				5688DE811A067B8400F65FE9 /* BAPickerView.m in Sources */,
				5688DE531A067B8400F65FE9 /* NSArray+Json.m in Sources */,
				5688DE591A067B8400F65FE9 /* UIDevice+BAAdditions.m in Sources */,
				5688DE831A067B8400F65FE9 /* BASwitchButton.m in Sources */,
				17E940951AF6318200853A1E /* BASkinLabel.m in Sources */,
				17285EFE1A474E620047A25A /* DECoreExamplesViewController.m in Sources */,
				17285EFF1A474E620047A25A /* DEExtensionsExamplesViewController.m in Sources */,
				5688DE6E1A067B8400F65FE9 /* BAUtility.m in Sources */,
				17285F121A4752120047A25A /* DECCategoriesViewController.m in Sources */,
				17E940941AF6318200853A1E /* BASkinImageView.m in Sources */,
				5688DE771A067B8400F65FE9 /* UIAlertView+Blocks.m in Sources */,
				5688DE7F1A067B8400F65FE9 /* BADatePickerView.m in Sources */,
				5688DE6B1A067B8400F65FE9 /* BAApplication.m in Sources */,
				17E940991AF6318200853A1E /* BASkinView.m in Sources */,
				568A58231A062FAE00163FA3 /* ThirdViewController.m in Sources */,
				568A58211A062FAE00163FA3 /* ForthViewController.m in Sources */,
				5688DE7E1A067B8400F65FE9 /* BAOverlayView.m in Sources */,
				17285F131A4752120047A25A /* DECControllersViewController.m in Sources */,
				17CA1AF61B40003C0028848D /* BAViewController.m in Sources */,
				5688DE7D1A067B8400F65FE9 /* BALineCollectionView.m in Sources */,
				17E940901AF6318200853A1E /* BASkinBlankCell.m in Sources */,
				17E940961AF6318200853A1E /* BASkinRightViewCell.m in Sources */,
				5688DE6D1A067B8400F65FE9 /* BAUserConfig.m in Sources */,
				5688DE701A067B8400F65FE9 /* BASkin.m in Sources */,
				5688DE9F1A067D5C00F65FE9 /* UILabel+Protable.m in Sources */,
				ED6B5C141A2DAAA3008CED69 /* NSString+Additions.m in Sources */,
				568A55FD1A0614C200163FA3 /* main.m in Sources */,
			);
			runOnlyForDeploymentPostprocessing = 0;
		};
		568A56061A0614C200163FA3 /* Sources */ = {
			isa = PBXSourcesBuildPhase;
			buildActionMask = 2147483647;
			files = (
				568A56111A0614C200163FA3 /* DemoTests.m in Sources */,
			);
			runOnlyForDeploymentPostprocessing = 0;
		};
/* End PBXSourcesBuildPhase section */

/* Begin PBXTargetDependency section */
		568A560C1A0614C200163FA3 /* PBXTargetDependency */ = {
			isa = PBXTargetDependency;
			target = 568A55F61A0614C200163FA3 /* Demo */;
			targetProxy = 568A560B1A0614C200163FA3 /* PBXContainerItemProxy */;
		};
/* End PBXTargetDependency section */

/* Begin PBXVariantGroup section */
		568A56031A0614C200163FA3 /* LaunchScreen.xib */ = {
			isa = PBXVariantGroup;
			children = (
				568A56041A0614C200163FA3 /* Base */,
			);
			name = LaunchScreen.xib;
			sourceTree = "<group>";
		};
/* End PBXVariantGroup section */

/* Begin XCBuildConfiguration section */
		568A56121A0614C200163FA3 /* Debug */ = {
			isa = XCBuildConfiguration;
			buildSettings = {
				ALWAYS_SEARCH_USER_PATHS = NO;
				CLANG_CXX_LANGUAGE_STANDARD = "gnu++0x";
				CLANG_CXX_LIBRARY = "libc++";
				CLANG_ENABLE_MODULES = YES;
				CLANG_ENABLE_OBJC_ARC = YES;
				CLANG_WARN_BOOL_CONVERSION = YES;
				CLANG_WARN_CONSTANT_CONVERSION = YES;
				CLANG_WARN_DIRECT_OBJC_ISA_USAGE = YES_ERROR;
				CLANG_WARN_EMPTY_BODY = YES;
				CLANG_WARN_ENUM_CONVERSION = YES;
				CLANG_WARN_INT_CONVERSION = YES;
				CLANG_WARN_OBJC_ROOT_CLASS = YES_ERROR;
				CLANG_WARN_UNREACHABLE_CODE = YES;
				CLANG_WARN__DUPLICATE_METHOD_MATCH = YES;
				"CODE_SIGN_IDENTITY[sdk=iphoneos*]" = "iPhone Developer";
				COPY_PHASE_STRIP = NO;
				ENABLE_STRICT_OBJC_MSGSEND = YES;
				ENABLE_TESTABILITY = YES;
				GCC_C_LANGUAGE_STANDARD = gnu99;
				GCC_DYNAMIC_NO_PIC = NO;
				GCC_OPTIMIZATION_LEVEL = 0;
				GCC_PREPROCESSOR_DEFINITIONS = (
					"DEBUG=1",
					"$(inherited)",
				);
				GCC_SYMBOLS_PRIVATE_EXTERN = NO;
				GCC_WARN_64_TO_32_BIT_CONVERSION = YES;
				GCC_WARN_ABOUT_RETURN_TYPE = YES_ERROR;
				GCC_WARN_UNDECLARED_SELECTOR = YES;
				GCC_WARN_UNINITIALIZED_AUTOS = YES_AGGRESSIVE;
				GCC_WARN_UNUSED_FUNCTION = YES;
				GCC_WARN_UNUSED_VARIABLE = YES;
				IPHONEOS_DEPLOYMENT_TARGET = 8.1;
				MTL_ENABLE_DEBUG_INFO = YES;
				ONLY_ACTIVE_ARCH = YES;
				SDKROOT = iphoneos;
			};
			name = Debug;
		};
		568A56131A0614C200163FA3 /* Release */ = {
			isa = XCBuildConfiguration;
			buildSettings = {
				ALWAYS_SEARCH_USER_PATHS = NO;
				CLANG_CXX_LANGUAGE_STANDARD = "gnu++0x";
				CLANG_CXX_LIBRARY = "libc++";
				CLANG_ENABLE_MODULES = YES;
				CLANG_ENABLE_OBJC_ARC = YES;
				CLANG_WARN_BOOL_CONVERSION = YES;
				CLANG_WARN_CONSTANT_CONVERSION = YES;
				CLANG_WARN_DIRECT_OBJC_ISA_USAGE = YES_ERROR;
				CLANG_WARN_EMPTY_BODY = YES;
				CLANG_WARN_ENUM_CONVERSION = YES;
				CLANG_WARN_INT_CONVERSION = YES;
				CLANG_WARN_OBJC_ROOT_CLASS = YES_ERROR;
				CLANG_WARN_UNREACHABLE_CODE = YES;
				CLANG_WARN__DUPLICATE_METHOD_MATCH = YES;
				"CODE_SIGN_IDENTITY[sdk=iphoneos*]" = "iPhone Developer";
				COPY_PHASE_STRIP = YES;
				ENABLE_NS_ASSERTIONS = NO;
				ENABLE_STRICT_OBJC_MSGSEND = YES;
				GCC_C_LANGUAGE_STANDARD = gnu99;
				GCC_WARN_64_TO_32_BIT_CONVERSION = YES;
				GCC_WARN_ABOUT_RETURN_TYPE = YES_ERROR;
				GCC_WARN_UNDECLARED_SELECTOR = YES;
				GCC_WARN_UNINITIALIZED_AUTOS = YES_AGGRESSIVE;
				GCC_WARN_UNUSED_FUNCTION = YES;
				GCC_WARN_UNUSED_VARIABLE = YES;
				IPHONEOS_DEPLOYMENT_TARGET = 8.1;
				MTL_ENABLE_DEBUG_INFO = NO;
				SDKROOT = iphoneos;
				VALIDATE_PRODUCT = YES;
			};
			name = Release;
		};
		568A56151A0614C200163FA3 /* Debug */ = {
			isa = XCBuildConfiguration;
			buildSettings = {
				ASSETCATALOG_COMPILER_APPICON_NAME = AppIcon;
				CODE_SIGN_IDENTITY = "iPhone Developer";
				GCC_PRECOMPILE_PREFIX_HEADER = YES;
				GCC_PREFIX_HEADER = ".$(PROJECT_ROOT)/$(PROJECT_NAME)/PrefixHeader.pch";
				HEADER_SEARCH_PATHS = (
					"$(inherited)",
					/Applications/Xcode.app/Contents/Developer/Toolchains/XcodeDefault.xctoolchain/usr/include,
					../Protable/Core,
					../Protable/Extensions,
				);
				INFOPLIST_FILE = Demo/Info.plist;
				IPHONEOS_DEPLOYMENT_TARGET = 6.1;
				LD_RUNPATH_SEARCH_PATHS = "$(inherited) @executable_path/Frameworks";
				PRODUCT_BUNDLE_IDENTIFIER = "hou.mumu.$(PRODUCT_NAME:rfc1034identifier)";
				PRODUCT_NAME = "$(TARGET_NAME)";
			};
			name = Debug;
		};
		568A56161A0614C200163FA3 /* Release */ = {
			isa = XCBuildConfiguration;
			buildSettings = {
				ASSETCATALOG_COMPILER_APPICON_NAME = AppIcon;
				CODE_SIGN_IDENTITY = "iPhone Developer";
				GCC_PRECOMPILE_PREFIX_HEADER = YES;
				GCC_PREFIX_HEADER = ".$(PROJECT_ROOT)/$(PROJECT_NAME)/PrefixHeader.pch";
				HEADER_SEARCH_PATHS = (
					"$(inherited)",
					/Applications/Xcode.app/Contents/Developer/Toolchains/XcodeDefault.xctoolchain/usr/include,
					../Protable/Core,
					../Protable/Extensions,
				);
				INFOPLIST_FILE = Demo/Info.plist;
				IPHONEOS_DEPLOYMENT_TARGET = 6.1;
				LD_RUNPATH_SEARCH_PATHS = "$(inherited) @executable_path/Frameworks";
				PRODUCT_BUNDLE_IDENTIFIER = "hou.mumu.$(PRODUCT_NAME:rfc1034identifier)";
				PRODUCT_NAME = "$(TARGET_NAME)";
			};
			name = Release;
		};
		568A56181A0614C200163FA3 /* Debug */ = {
			isa = XCBuildConfiguration;
			buildSettings = {
				BUNDLE_LOADER = "$(TEST_HOST)";
				FRAMEWORK_SEARCH_PATHS = (
					"$(SDKROOT)/Developer/Library/Frameworks",
					"$(inherited)",
				);
				GCC_PREPROCESSOR_DEFINITIONS = (
					"DEBUG=1",
					"$(inherited)",
				);
				INFOPLIST_FILE = DemoTests/Info.plist;
				LD_RUNPATH_SEARCH_PATHS = "$(inherited) @executable_path/Frameworks @loader_path/Frameworks";
				PRODUCT_BUNDLE_IDENTIFIER = "hou.mumu.$(PRODUCT_NAME:rfc1034identifier)";
				PRODUCT_NAME = "$(TARGET_NAME)";
				TEST_HOST = "$(BUILT_PRODUCTS_DIR)/Demo.app/Demo";
			};
			name = Debug;
		};
		568A56191A0614C200163FA3 /* Release */ = {
			isa = XCBuildConfiguration;
			buildSettings = {
				BUNDLE_LOADER = "$(TEST_HOST)";
				FRAMEWORK_SEARCH_PATHS = (
					"$(SDKROOT)/Developer/Library/Frameworks",
					"$(inherited)",
				);
				INFOPLIST_FILE = DemoTests/Info.plist;
				LD_RUNPATH_SEARCH_PATHS = "$(inherited) @executable_path/Frameworks @loader_path/Frameworks";
				PRODUCT_BUNDLE_IDENTIFIER = "hou.mumu.$(PRODUCT_NAME:rfc1034identifier)";
				PRODUCT_NAME = "$(TARGET_NAME)";
				TEST_HOST = "$(BUILT_PRODUCTS_DIR)/Demo.app/Demo";
			};
			name = Release;
		};
/* End XCBuildConfiguration section */

/* Begin XCConfigurationList section */
		568A55F21A0614C200163FA3 /* Build configuration list for PBXProject "Demo" */ = {
			isa = XCConfigurationList;
			buildConfigurations = (
				568A56121A0614C200163FA3 /* Debug */,
				568A56131A0614C200163FA3 /* Release */,
			);
			defaultConfigurationIsVisible = 0;
			defaultConfigurationName = Release;
		};
		568A56141A0614C200163FA3 /* Build configuration list for PBXNativeTarget "Demo" */ = {
			isa = XCConfigurationList;
			buildConfigurations = (
				568A56151A0614C200163FA3 /* Debug */,
				568A56161A0614C200163FA3 /* Release */,
			);
			defaultConfigurationIsVisible = 0;
			defaultConfigurationName = Release;
		};
		568A56171A0614C200163FA3 /* Build configuration list for PBXNativeTarget "DemoTests" */ = {
			isa = XCConfigurationList;
			buildConfigurations = (
				568A56181A0614C200163FA3 /* Debug */,
				568A56191A0614C200163FA3 /* Release */,
			);
			defaultConfigurationIsVisible = 0;
			defaultConfigurationName = Release;
		};
/* End XCConfigurationList section */
	};
	rootObject = 568A55EF1A0614C200163FA3 /* Project object */;
}
