// !$*UTF8*$!
{
	archiveVersion = 1;
	classes = {
	};
	objectVersion = 46;
	objects = {

/* Begin PBXBuildFile section */
		17285EFE1A474E620047A25A /* DEBaseExamplesViewController.m in Sources */ = {isa = PBXBuildFile; fileRef = 17285EFA1A474E620047A25A /* DEBaseExamplesViewController.m */; };
		17285EFF1A474E620047A25A /* DEExtensionsExamplesViewController.m in Sources */ = {isa = PBXBuildFile; fileRef = 17285EFD1A474E620047A25A /* DEExtensionsExamplesViewController.m */; };
		17285F121A4752120047A25A /* DECCategoriesViewController.m in Sources */ = {isa = PBXBuildFile; fileRef = 17285F051A4752120047A25A /* DECCategoriesViewController.m */; };
		17285F131A4752120047A25A /* DECControllersViewController.m in Sources */ = {isa = PBXBuildFile; fileRef = 17285F081A4752120047A25A /* DECControllersViewController.m */; };
		17285F141A4752120047A25A /* DECFileViewController.m in Sources */ = {isa = PBXBuildFile; fileRef = 17285F0B1A4752120047A25A /* DECFileViewController.m */; };
		17285F151A4752120047A25A /* DECUtilitiesViewController.m in Sources */ = {isa = PBXBuildFile; fileRef = 17285F0E1A4752120047A25A /* DECUtilitiesViewController.m */; };
		17285F161A4752120047A25A /* DECViewViewController.m in Sources */ = {isa = PBXBuildFile; fileRef = 17285F111A4752120047A25A /* DECViewViewController.m */; };
		17CA1AFD1B4005F00028848D /* BBTableViewCell.m in Sources */ = {isa = PBXBuildFile; fileRef = 17CA1AFC1B4005F00028848D /* BBTableViewCell.m */; };
		17CA1B051B4013290028848D /* font_color.plist in Resources */ = {isa = PBXBuildFile; fileRef = 17CA1B041B4013290028848D /* font_color.plist */; };
		17E9409D1AF633FA00853A1E /* BBImageView.m in Sources */ = {isa = PBXBuildFile; fileRef = 17E9409C1AF633FA00853A1E /* BBImageView.m */; };
		5688DE721A067B8400F65FE9 /* BAAttributedText.m in Sources */ = {isa = PBXBuildFile; fileRef = 5688DE1B1A067B8400F65FE9 /* BAAttributedText.m */; };
		5688DE731A067B8400F65FE9 /* BAAttributedTextView.m in Sources */ = {isa = PBXBuildFile; fileRef = 5688DE1D1A067B8400F65FE9 /* BAAttributedTextView.m */; };
		5688DE741A067B8400F65FE9 /* NSAttributedString+Height.m in Sources */ = {isa = PBXBuildFile; fileRef = 5688DE1F1A067B8400F65FE9 /* NSAttributedString+Height.m */; };
		5688DE751A067B8400F65FE9 /* BAButtonItem.m in Sources */ = {isa = PBXBuildFile; fileRef = 5688DE241A067B8400F65FE9 /* BAButtonItem.m */; };
		5688DE761A067B8400F65FE9 /* UIActionSheet+Blocks.m in Sources */ = {isa = PBXBuildFile; fileRef = 5688DE261A067B8400F65FE9 /* UIActionSheet+Blocks.m */; };
		5688DE771A067B8400F65FE9 /* UIAlertView+Blocks.m in Sources */ = {isa = PBXBuildFile; fileRef = 5688DE281A067B8400F65FE9 /* UIAlertView+Blocks.m */; };
		5688DE791A067B8400F65FE9 /* BBCheckBox.m in Sources */ = {isa = PBXBuildFile; fileRef = 5688DE2C1A067B8400F65FE9 /* BBCheckBox.m */; };
		5688DE7B1A067B8400F65FE9 /* BACollectionViewCell.m in Sources */ = {isa = PBXBuildFile; fileRef = 5688DE311A067B8400F65FE9 /* BACollectionViewCell.m */; };
		5688DE7C1A067B8400F65FE9 /* BACollectionViewLineLayout.m in Sources */ = {isa = PBXBuildFile; fileRef = 5688DE331A067B8400F65FE9 /* BACollectionViewLineLayout.m */; };
		5688DE7D1A067B8400F65FE9 /* BALineCollectionView.m in Sources */ = {isa = PBXBuildFile; fileRef = 5688DE351A067B8400F65FE9 /* BALineCollectionView.m */; };
		5688DE7E1A067B8400F65FE9 /* BAOverlayView.m in Sources */ = {isa = PBXBuildFile; fileRef = 5688DE371A067B8400F65FE9 /* BAOverlayView.m */; };
		5688DE7F1A067B8400F65FE9 /* BADatePickerView.m in Sources */ = {isa = PBXBuildFile; fileRef = 5688DE3A1A067B8400F65FE9 /* BADatePickerView.m */; };
		5688DE801A067B8400F65FE9 /* BAMaskPickerView.m in Sources */ = {isa = PBXBuildFile; fileRef = 5688DE3C1A067B8400F65FE9 /* BAMaskPickerView.m */; };
		5688DE811A067B8400F65FE9 /* BAPickerView.m in Sources */ = {isa = PBXBuildFile; fileRef = 5688DE3E1A067B8400F65FE9 /* BAPickerView.m */; };
		5688DE821A067B8400F65FE9 /* BAPickerViewWithSwitch.m in Sources */ = {isa = PBXBuildFile; fileRef = 5688DE411A067B8400F65FE9 /* BAPickerViewWithSwitch.m */; };
		5688DE831A067B8400F65FE9 /* BBSwitchButton.m in Sources */ = {isa = PBXBuildFile; fileRef = 5688DE431A067B8400F65FE9 /* BBSwitchButton.m */; };
		5688DE861A067B8400F65FE9 /* BAImageGridCell.m in Sources */ = {isa = PBXBuildFile; fileRef = 5688DE4A1A067B8400F65FE9 /* BAImageGridCell.m */; };
		5688DE871A067B8400F65FE9 /* BBLeftImageViewCell.m in Sources */ = {isa = PBXBuildFile; fileRef = 5688DE4C1A067B8400F65FE9 /* BBLeftImageViewCell.m */; };
		5688DE881A067B8400F65FE9 /* BBRightViewCell.m in Sources */ = {isa = PBXBuildFile; fileRef = 5688DE4E1A067B8400F65FE9 /* BBRightViewCell.m */; };
		5688DE891A067B8400F65FE9 /* BASelectFlagGridCell.m in Sources */ = {isa = PBXBuildFile; fileRef = 5688DE501A067B8400F65FE9 /* BASelectFlagGridCell.m */; };
		568A55FD1A0614C200163FA3 /* main.m in Sources */ = {isa = PBXBuildFile; fileRef = 568A55FC1A0614C200163FA3 /* main.m */; };
		568A56021A0614C200163FA3 /* Images.xcassets in Resources */ = {isa = PBXBuildFile; fileRef = 568A56011A0614C200163FA3 /* Images.xcassets */; };
		568A56051A0614C200163FA3 /* LaunchScreen.xib in Resources */ = {isa = PBXBuildFile; fileRef = 568A56031A0614C200163FA3 /* LaunchScreen.xib */; };
		568A56111A0614C200163FA3 /* DemoTests.m in Sources */ = {isa = PBXBuildFile; fileRef = 568A56101A0614C200163FA3 /* DemoTests.m */; };
		568A56711A0615BA00163FA3 /* Default-568h@2x.png in Resources */ = {isa = PBXBuildFile; fileRef = 568A561B1A0615BA00163FA3 /* Default-568h@2x.png */; };
		568A58021A061BE400163FA3 /* AppDelegate.m in Sources */ = {isa = PBXBuildFile; fileRef = 568A57FD1A061BE400163FA3 /* AppDelegate.m */; };
		568A58031A061BE400163FA3 /* AppNavigator.m in Sources */ = {isa = PBXBuildFile; fileRef = 568A57FF1A061BE400163FA3 /* AppNavigator.m */; };
		568A58041A061BE400163FA3 /* AppStartup.m in Sources */ = {isa = PBXBuildFile; fileRef = 568A58011A061BE400163FA3 /* AppStartup.m */; };
		568A58211A062FAE00163FA3 /* ForthViewController.m in Sources */ = {isa = PBXBuildFile; fileRef = 568A58191A062FAE00163FA3 /* ForthViewController.m */; };
		568A58231A062FAE00163FA3 /* ThirdViewController.m in Sources */ = {isa = PBXBuildFile; fileRef = 568A581F1A062FAE00163FA3 /* ThirdViewController.m */; };
		DD57614A1B673B6100CE800A /* BBCustomize.m in Sources */ = {isa = PBXBuildFile; fileRef = DD5761061B673B6100CE800A /* BBCustomize.m */; };
		DD57614B1B673B6100CE800A /* NSArray+Json.m in Sources */ = {isa = PBXBuildFile; fileRef = DD5761091B673B6100CE800A /* NSArray+Json.m */; };
		DD57614C1B673B6100CE800A /* NSDate+Protable.m in Sources */ = {isa = PBXBuildFile; fileRef = DD57610B1B673B6100CE800A /* NSDate+Protable.m */; };
		DD57614D1B673B6100CE800A /* NSDictionary+Json.m in Sources */ = {isa = PBXBuildFile; fileRef = DD57610D1B673B6100CE800A /* NSDictionary+Json.m */; };
		DD57614E1B673B6100CE800A /* NSString+Protable.m in Sources */ = {isa = PBXBuildFile; fileRef = DD57610F1B673B6100CE800A /* NSString+Protable.m */; };
		DD57614F1B673B6100CE800A /* UIButton+Protable.m in Sources */ = {isa = PBXBuildFile; fileRef = DD5761121B673B6100CE800A /* UIButton+Protable.m */; };
		DD5761501B673B6100CE800A /* UIColor+Protable.m in Sources */ = {isa = PBXBuildFile; fileRef = DD5761141B673B6100CE800A /* UIColor+Protable.m */; };
		DD5761511B673B6100CE800A /* UIImage+Protable.m in Sources */ = {isa = PBXBuildFile; fileRef = DD5761161B673B6100CE800A /* UIImage+Protable.m */; };
		DD5761521B673B6100CE800A /* UILabel+Protable.m in Sources */ = {isa = PBXBuildFile; fileRef = DD5761181B673B6100CE800A /* UILabel+Protable.m */; };
		DD5761531B673B6100CE800A /* UITableView+Protable.m in Sources */ = {isa = PBXBuildFile; fileRef = DD57611A1B673B6100CE800A /* UITableView+Protable.m */; };
		DD5761541B673B6100CE800A /* UIView+Protable.m in Sources */ = {isa = PBXBuildFile; fileRef = DD57611C1B673B6100CE800A /* UIView+Protable.m */; };
		DD5761551B673B6100CE800A /* UIDevice+Protable.m in Sources */ = {isa = PBXBuildFile; fileRef = DD57611E1B673B6100CE800A /* UIDevice+Protable.m */; };
		DD5761561B673B6100CE800A /* BBTableViewController.m in Sources */ = {isa = PBXBuildFile; fileRef = DD5761211B673B6100CE800A /* BBTableViewController.m */; };
		DD5761571B673B6100CE800A /* BBViewController.m in Sources */ = {isa = PBXBuildFile; fileRef = DD5761231B673B6100CE800A /* BBViewController.m */; };
		DD5761581B673B6100CE800A /* BBWebViewController.m in Sources */ = {isa = PBXBuildFile; fileRef = DD5761251B673B6100CE800A /* BBWebViewController.m */; };
		DD5761591B673B6100CE800A /* BBTabBarController.m in Sources */ = {isa = PBXBuildFile; fileRef = DD5761281B673B6100CE800A /* BBTabBarController.m */; };
		DD57615A1B673B6100CE800A /* BBTabBarItem.m in Sources */ = {isa = PBXBuildFile; fileRef = DD57612A1B673B6100CE800A /* BBTabBarItem.m */; };
		DD57615B1B673B6100CE800A /* BBDiskCache.m in Sources */ = {isa = PBXBuildFile; fileRef = DD57612D1B673B6100CE800A /* BBDiskCache.m */; };
		DD57615C1B673B6100CE800A /* BBFile.m in Sources */ = {isa = PBXBuildFile; fileRef = DD57612F1B673B6100CE800A /* BBFile.m */; };
		DD57615D1B673B6100CE800A /* BBFileDiskCache.m in Sources */ = {isa = PBXBuildFile; fileRef = DD5761311B673B6100CE800A /* BBFileDiskCache.m */; };
		DD57615E1B673B6100CE800A /* BBImageFileHelper.m in Sources */ = {isa = PBXBuildFile; fileRef = DD5761331B673B6100CE800A /* BBImageFileHelper.m */; };
		DD57615F1B673B6100CE800A /* BBJsonFileHelper.m in Sources */ = {isa = PBXBuildFile; fileRef = DD5761351B673B6100CE800A /* BBJsonFileHelper.m */; };
		DD5761601B673B6100CE800A /* BBPlistFileManager.m in Sources */ = {isa = PBXBuildFile; fileRef = DD5761371B673B6100CE800A /* BBPlistFileManager.m */; };
		DD5761611B673B6100CE800A /* BBNaviBackButton.m in Sources */ = {isa = PBXBuildFile; fileRef = DD57613A1B673B6100CE800A /* BBNaviBackButton.m */; };
		DD5761621B673B6100CE800A /* UINavigationItem+Protable.m in Sources */ = {isa = PBXBuildFile; fileRef = DD57613C1B673B6100CE800A /* UINavigationItem+Protable.m */; };
		DD5761631B673B6100CE800A /* UIViewController+Navi.m in Sources */ = {isa = PBXBuildFile; fileRef = DD57613E1B673B6100CE800A /* UIViewController+Navi.m */; };
		DD5761641B673B6100CE800A /* BBApplication.m in Sources */ = {isa = PBXBuildFile; fileRef = DD5761431B673B6100CE800A /* BBApplication.m */; };
		DD5761651B673B6100CE800A /* BBSkin.m in Sources */ = {isa = PBXBuildFile; fileRef = DD5761451B673B6100CE800A /* BBSkin.m */; };
		DD5761661B673B6100CE800A /* BBUserConfig.m in Sources */ = {isa = PBXBuildFile; fileRef = DD5761471B673B6100CE800A /* BBUserConfig.m */; };
		DD5761671B673B6100CE800A /* BBUtility.m in Sources */ = {isa = PBXBuildFile; fileRef = DD5761491B673B6100CE800A /* BBUtility.m */; };
		DD5761701B675C5F00CE800A /* BBSegmentedControl.m in Sources */ = {isa = PBXBuildFile; fileRef = DD57616D1B675C5F00CE800A /* BBSegmentedControl.m */; };
		DD5761711B675C5F00CE800A /* BBSegmentViewController.m in Sources */ = {isa = PBXBuildFile; fileRef = DD57616F1B675C5F00CE800A /* BBSegmentViewController.m */; };
		DD57617A1B6760DB00CE800A /* DEBaseFirstViewController.m in Sources */ = {isa = PBXBuildFile; fileRef = DD5761731B6760DB00CE800A /* DEBaseFirstViewController.m */; };
		DD57617B1B6760DB00CE800A /* DEBaseForthViewController.m in Sources */ = {isa = PBXBuildFile; fileRef = DD5761751B6760DB00CE800A /* DEBaseForthViewController.m */; };
		DD57617C1B6760DB00CE800A /* DEBaseSecondViewController.m in Sources */ = {isa = PBXBuildFile; fileRef = DD5761771B6760DB00CE800A /* DEBaseSecondViewController.m */; };
		DD57617D1B6760DB00CE800A /* DEBaseThirdViewController.m in Sources */ = {isa = PBXBuildFile; fileRef = DD5761791B6760DB00CE800A /* DEBaseThirdViewController.m */; };
		DD5761801B6763E300CE800A /* DEBaseFifthViewController.m in Sources */ = {isa = PBXBuildFile; fileRef = DD57617F1B6763E300CE800A /* DEBaseFifthViewController.m */; };
		ED943E0B1A89A041006A5C73 /* DECTestLabelViewController.m in Sources */ = {isa = PBXBuildFile; fileRef = ED943E0A1A89A041006A5C73 /* DECTestLabelViewController.m */; };
/* End PBXBuildFile section */

/* Begin PBXContainerItemProxy section */
		568A560B1A0614C200163FA3 /* PBXContainerItemProxy */ = {
			isa = PBXContainerItemProxy;
			containerPortal = 568A55EF1A0614C200163FA3 /* Project object */;
			proxyType = 1;
			remoteGlobalIDString = 568A55F61A0614C200163FA3;
			remoteInfo = Demo;
		};
/* End PBXContainerItemProxy section */

/* Begin PBXFileReference section */
		17285EF91A474E620047A25A /* DEBaseExamplesViewController.h */ = {isa = PBXFileReference; fileEncoding = 4; lastKnownFileType = sourcecode.c.h; path = DEBaseExamplesViewController.h; sourceTree = "<group>"; };
		17285EFA1A474E620047A25A /* DEBaseExamplesViewController.m */ = {isa = PBXFileReference; fileEncoding = 4; lastKnownFileType = sourcecode.c.objc; path = DEBaseExamplesViewController.m; sourceTree = "<group>"; };
		17285EFC1A474E620047A25A /* DEExtensionsExamplesViewController.h */ = {isa = PBXFileReference; fileEncoding = 4; lastKnownFileType = sourcecode.c.h; path = DEExtensionsExamplesViewController.h; sourceTree = "<group>"; };
		17285EFD1A474E620047A25A /* DEExtensionsExamplesViewController.m */ = {isa = PBXFileReference; fileEncoding = 4; lastKnownFileType = sourcecode.c.objc; path = DEExtensionsExamplesViewController.m; sourceTree = "<group>"; };
		17285F041A4752120047A25A /* DECCategoriesViewController.h */ = {isa = PBXFileReference; fileEncoding = 4; lastKnownFileType = sourcecode.c.h; path = DECCategoriesViewController.h; sourceTree = "<group>"; };
		17285F051A4752120047A25A /* DECCategoriesViewController.m */ = {isa = PBXFileReference; fileEncoding = 4; lastKnownFileType = sourcecode.c.objc; path = DECCategoriesViewController.m; sourceTree = "<group>"; };
		17285F071A4752120047A25A /* DECControllersViewController.h */ = {isa = PBXFileReference; fileEncoding = 4; lastKnownFileType = sourcecode.c.h; path = DECControllersViewController.h; sourceTree = "<group>"; };
		17285F081A4752120047A25A /* DECControllersViewController.m */ = {isa = PBXFileReference; fileEncoding = 4; lastKnownFileType = sourcecode.c.objc; path = DECControllersViewController.m; sourceTree = "<group>"; };
		17285F0A1A4752120047A25A /* DECFileViewController.h */ = {isa = PBXFileReference; fileEncoding = 4; lastKnownFileType = sourcecode.c.h; path = DECFileViewController.h; sourceTree = "<group>"; };
		17285F0B1A4752120047A25A /* DECFileViewController.m */ = {isa = PBXFileReference; fileEncoding = 4; lastKnownFileType = sourcecode.c.objc; path = DECFileViewController.m; sourceTree = "<group>"; };
		17285F0D1A4752120047A25A /* DECUtilitiesViewController.h */ = {isa = PBXFileReference; fileEncoding = 4; lastKnownFileType = sourcecode.c.h; path = DECUtilitiesViewController.h; sourceTree = "<group>"; };
		17285F0E1A4752120047A25A /* DECUtilitiesViewController.m */ = {isa = PBXFileReference; fileEncoding = 4; lastKnownFileType = sourcecode.c.objc; path = DECUtilitiesViewController.m; sourceTree = "<group>"; };
		17285F101A4752120047A25A /* DECViewViewController.h */ = {isa = PBXFileReference; fileEncoding = 4; lastKnownFileType = sourcecode.c.h; path = DECViewViewController.h; sourceTree = "<group>"; };
		17285F111A4752120047A25A /* DECViewViewController.m */ = {isa = PBXFileReference; fileEncoding = 4; lastKnownFileType = sourcecode.c.objc; path = DECViewViewController.m; sourceTree = "<group>"; };
		17CA1AFB1B4005F00028848D /* BBTableViewCell.h */ = {isa = PBXFileReference; fileEncoding = 4; lastKnownFileType = sourcecode.c.h; path = BBTableViewCell.h; sourceTree = "<group>"; };
		17CA1AFC1B4005F00028848D /* BBTableViewCell.m */ = {isa = PBXFileReference; fileEncoding = 4; lastKnownFileType = sourcecode.c.objc; path = BBTableViewCell.m; sourceTree = "<group>"; };
		17CA1B041B4013290028848D /* font_color.plist */ = {isa = PBXFileReference; fileEncoding = 4; lastKnownFileType = text.plist.xml; path = font_color.plist; sourceTree = "<group>"; };
		17E9409B1AF633FA00853A1E /* BBImageView.h */ = {isa = PBXFileReference; fileEncoding = 4; lastKnownFileType = sourcecode.c.h; path = BBImageView.h; sourceTree = "<group>"; };
		17E9409C1AF633FA00853A1E /* BBImageView.m */ = {isa = PBXFileReference; fileEncoding = 4; lastKnownFileType = sourcecode.c.objc; path = BBImageView.m; sourceTree = "<group>"; };
		5688DE1A1A067B8400F65FE9 /* BAAttributedText.h */ = {isa = PBXFileReference; fileEncoding = 4; lastKnownFileType = sourcecode.c.h; path = BAAttributedText.h; sourceTree = "<group>"; };
		5688DE1B1A067B8400F65FE9 /* BAAttributedText.m */ = {isa = PBXFileReference; fileEncoding = 4; lastKnownFileType = sourcecode.c.objc; path = BAAttributedText.m; sourceTree = "<group>"; };
		5688DE1C1A067B8400F65FE9 /* BAAttributedTextView.h */ = {isa = PBXFileReference; fileEncoding = 4; lastKnownFileType = sourcecode.c.h; path = BAAttributedTextView.h; sourceTree = "<group>"; };
		5688DE1D1A067B8400F65FE9 /* BAAttributedTextView.m */ = {isa = PBXFileReference; fileEncoding = 4; lastKnownFileType = sourcecode.c.objc; path = BAAttributedTextView.m; sourceTree = "<group>"; };
		5688DE1E1A067B8400F65FE9 /* NSAttributedString+Height.h */ = {isa = PBXFileReference; fileEncoding = 4; lastKnownFileType = sourcecode.c.h; path = "NSAttributedString+Height.h"; sourceTree = "<group>"; };
		5688DE1F1A067B8400F65FE9 /* NSAttributedString+Height.m */ = {isa = PBXFileReference; fileEncoding = 4; lastKnownFileType = sourcecode.c.objc; path = "NSAttributedString+Height.m"; sourceTree = "<group>"; };
		5688DE201A067B8400F65FE9 /* ProtableExtensions.h */ = {isa = PBXFileReference; fileEncoding = 4; lastKnownFileType = sourcecode.c.h; path = ProtableExtensions.h; sourceTree = "<group>"; };
		5688DE231A067B8400F65FE9 /* BAButtonItem.h */ = {isa = PBXFileReference; fileEncoding = 4; lastKnownFileType = sourcecode.c.h; path = BAButtonItem.h; sourceTree = "<group>"; };
		5688DE241A067B8400F65FE9 /* BAButtonItem.m */ = {isa = PBXFileReference; fileEncoding = 4; lastKnownFileType = sourcecode.c.objc; path = BAButtonItem.m; sourceTree = "<group>"; };
		5688DE251A067B8400F65FE9 /* UIActionSheet+Blocks.h */ = {isa = PBXFileReference; fileEncoding = 4; lastKnownFileType = sourcecode.c.h; path = "UIActionSheet+Blocks.h"; sourceTree = "<group>"; };
		5688DE261A067B8400F65FE9 /* UIActionSheet+Blocks.m */ = {isa = PBXFileReference; fileEncoding = 4; lastKnownFileType = sourcecode.c.objc; path = "UIActionSheet+Blocks.m"; sourceTree = "<group>"; };
		5688DE271A067B8400F65FE9 /* UIAlertView+Blocks.h */ = {isa = PBXFileReference; fileEncoding = 4; lastKnownFileType = sourcecode.c.h; path = "UIAlertView+Blocks.h"; sourceTree = "<group>"; };
		5688DE281A067B8400F65FE9 /* UIAlertView+Blocks.m */ = {isa = PBXFileReference; fileEncoding = 4; lastKnownFileType = sourcecode.c.objc; path = "UIAlertView+Blocks.m"; sourceTree = "<group>"; };
		5688DE2B1A067B8400F65FE9 /* BBCheckBox.h */ = {isa = PBXFileReference; fileEncoding = 4; lastKnownFileType = sourcecode.c.h; path = BBCheckBox.h; sourceTree = "<group>"; };
		5688DE2C1A067B8400F65FE9 /* BBCheckBox.m */ = {isa = PBXFileReference; fileEncoding = 4; lastKnownFileType = sourcecode.c.objc; path = BBCheckBox.m; sourceTree = "<group>"; };
		5688DE301A067B8400F65FE9 /* BACollectionViewCell.h */ = {isa = PBXFileReference; fileEncoding = 4; lastKnownFileType = sourcecode.c.h; path = BACollectionViewCell.h; sourceTree = "<group>"; };
		5688DE311A067B8400F65FE9 /* BACollectionViewCell.m */ = {isa = PBXFileReference; fileEncoding = 4; lastKnownFileType = sourcecode.c.objc; path = BACollectionViewCell.m; sourceTree = "<group>"; };
		5688DE321A067B8400F65FE9 /* BACollectionViewLineLayout.h */ = {isa = PBXFileReference; fileEncoding = 4; lastKnownFileType = sourcecode.c.h; path = BACollectionViewLineLayout.h; sourceTree = "<group>"; };
		5688DE331A067B8400F65FE9 /* BACollectionViewLineLayout.m */ = {isa = PBXFileReference; fileEncoding = 4; lastKnownFileType = sourcecode.c.objc; path = BACollectionViewLineLayout.m; sourceTree = "<group>"; };
		5688DE341A067B8400F65FE9 /* BALineCollectionView.h */ = {isa = PBXFileReference; fileEncoding = 4; lastKnownFileType = sourcecode.c.h; path = BALineCollectionView.h; sourceTree = "<group>"; };
		5688DE351A067B8400F65FE9 /* BALineCollectionView.m */ = {isa = PBXFileReference; fileEncoding = 4; lastKnownFileType = sourcecode.c.objc; path = BALineCollectionView.m; sourceTree = "<group>"; };
		5688DE361A067B8400F65FE9 /* BAOverlayView.h */ = {isa = PBXFileReference; fileEncoding = 4; lastKnownFileType = sourcecode.c.h; path = BAOverlayView.h; sourceTree = "<group>"; };
		5688DE371A067B8400F65FE9 /* BAOverlayView.m */ = {isa = PBXFileReference; fileEncoding = 4; lastKnownFileType = sourcecode.c.objc; path = BAOverlayView.m; sourceTree = "<group>"; };
		5688DE391A067B8400F65FE9 /* BADatePickerView.h */ = {isa = PBXFileReference; fileEncoding = 4; lastKnownFileType = sourcecode.c.h; path = BADatePickerView.h; sourceTree = "<group>"; };
		5688DE3A1A067B8400F65FE9 /* BADatePickerView.m */ = {isa = PBXFileReference; fileEncoding = 4; lastKnownFileType = sourcecode.c.objc; path = BADatePickerView.m; sourceTree = "<group>"; };
		5688DE3B1A067B8400F65FE9 /* BAMaskPickerView.h */ = {isa = PBXFileReference; fileEncoding = 4; lastKnownFileType = sourcecode.c.h; path = BAMaskPickerView.h; sourceTree = "<group>"; };
		5688DE3C1A067B8400F65FE9 /* BAMaskPickerView.m */ = {isa = PBXFileReference; fileEncoding = 4; lastKnownFileType = sourcecode.c.objc; path = BAMaskPickerView.m; sourceTree = "<group>"; };
		5688DE3D1A067B8400F65FE9 /* BAPickerView.h */ = {isa = PBXFileReference; fileEncoding = 4; lastKnownFileType = sourcecode.c.h; path = BAPickerView.h; sourceTree = "<group>"; };
		5688DE3E1A067B8400F65FE9 /* BAPickerView.m */ = {isa = PBXFileReference; fileEncoding = 4; lastKnownFileType = sourcecode.c.objc; path = BAPickerView.m; sourceTree = "<group>"; };
		5688DE3F1A067B8400F65FE9 /* BAPickerViewDelegate.h */ = {isa = PBXFileReference; fileEncoding = 4; lastKnownFileType = sourcecode.c.h; path = BAPickerViewDelegate.h; sourceTree = "<group>"; };
		5688DE401A067B8400F65FE9 /* BAPickerViewWithSwitch.h */ = {isa = PBXFileReference; fileEncoding = 4; lastKnownFileType = sourcecode.c.h; path = BAPickerViewWithSwitch.h; sourceTree = "<group>"; };
		5688DE411A067B8400F65FE9 /* BAPickerViewWithSwitch.m */ = {isa = PBXFileReference; fileEncoding = 4; lastKnownFileType = sourcecode.c.objc; path = BAPickerViewWithSwitch.m; sourceTree = "<group>"; };
		5688DE421A067B8400F65FE9 /* BBSwitchButton.h */ = {isa = PBXFileReference; fileEncoding = 4; lastKnownFileType = sourcecode.c.h; path = BBSwitchButton.h; sourceTree = "<group>"; };
		5688DE431A067B8400F65FE9 /* BBSwitchButton.m */ = {isa = PBXFileReference; fileEncoding = 4; lastKnownFileType = sourcecode.c.objc; path = BBSwitchButton.m; sourceTree = "<group>"; };
		5688DE491A067B8400F65FE9 /* BAImageGridCell.h */ = {isa = PBXFileReference; fileEncoding = 4; lastKnownFileType = sourcecode.c.h; path = BAImageGridCell.h; sourceTree = "<group>"; };
		5688DE4A1A067B8400F65FE9 /* BAImageGridCell.m */ = {isa = PBXFileReference; fileEncoding = 4; lastKnownFileType = sourcecode.c.objc; path = BAImageGridCell.m; sourceTree = "<group>"; };
		5688DE4B1A067B8400F65FE9 /* BBLeftImageViewCell.h */ = {isa = PBXFileReference; fileEncoding = 4; lastKnownFileType = sourcecode.c.h; path = BBLeftImageViewCell.h; sourceTree = "<group>"; };
		5688DE4C1A067B8400F65FE9 /* BBLeftImageViewCell.m */ = {isa = PBXFileReference; fileEncoding = 4; lastKnownFileType = sourcecode.c.objc; path = BBLeftImageViewCell.m; sourceTree = "<group>"; };
		5688DE4D1A067B8400F65FE9 /* BBRightViewCell.h */ = {isa = PBXFileReference; fileEncoding = 4; lastKnownFileType = sourcecode.c.h; path = BBRightViewCell.h; sourceTree = "<group>"; };
		5688DE4E1A067B8400F65FE9 /* BBRightViewCell.m */ = {isa = PBXFileReference; fileEncoding = 4; lastKnownFileType = sourcecode.c.objc; path = BBRightViewCell.m; sourceTree = "<group>"; };
		5688DE4F1A067B8400F65FE9 /* BASelectFlagGridCell.h */ = {isa = PBXFileReference; fileEncoding = 4; lastKnownFileType = sourcecode.c.h; path = BASelectFlagGridCell.h; sourceTree = "<group>"; };
		5688DE501A067B8400F65FE9 /* BASelectFlagGridCell.m */ = {isa = PBXFileReference; fileEncoding = 4; lastKnownFileType = sourcecode.c.objc; path = BASelectFlagGridCell.m; sourceTree = "<group>"; };
		5688DE511A067B8400F65FE9 /* Protable.h */ = {isa = PBXFileReference; fileEncoding = 4; lastKnownFileType = sourcecode.c.h; path = Protable.h; sourceTree = "<group>"; };
		568A55F71A0614C200163FA3 /* Demo.app */ = {isa = PBXFileReference; explicitFileType = wrapper.application; includeInIndex = 0; path = Demo.app; sourceTree = BUILT_PRODUCTS_DIR; };
		568A55FB1A0614C200163FA3 /* Info.plist */ = {isa = PBXFileReference; lastKnownFileType = text.plist.xml; path = Info.plist; sourceTree = "<group>"; };
		568A55FC1A0614C200163FA3 /* main.m */ = {isa = PBXFileReference; lastKnownFileType = sourcecode.c.objc; path = main.m; sourceTree = "<group>"; };
		568A56011A0614C200163FA3 /* Images.xcassets */ = {isa = PBXFileReference; lastKnownFileType = folder.assetcatalog; path = Images.xcassets; sourceTree = "<group>"; };
		568A56041A0614C200163FA3 /* Base */ = {isa = PBXFileReference; lastKnownFileType = file.xib; name = Base; path = Base.lproj/LaunchScreen.xib; sourceTree = "<group>"; };
		568A560A1A0614C200163FA3 /* DemoTests.xctest */ = {isa = PBXFileReference; explicitFileType = wrapper.cfbundle; includeInIndex = 0; path = DemoTests.xctest; sourceTree = BUILT_PRODUCTS_DIR; };
		568A560F1A0614C200163FA3 /* Info.plist */ = {isa = PBXFileReference; lastKnownFileType = text.plist.xml; path = Info.plist; sourceTree = "<group>"; };
		568A56101A0614C200163FA3 /* DemoTests.m */ = {isa = PBXFileReference; lastKnownFileType = sourcecode.c.objc; path = DemoTests.m; sourceTree = "<group>"; };
		568A561B1A0615BA00163FA3 /* Default-568h@2x.png */ = {isa = PBXFileReference; lastKnownFileType = image.png; path = "Default-568h@2x.png"; sourceTree = "<group>"; };
		568A57831A06176100163FA3 /* PrefixHeader.pch */ = {isa = PBXFileReference; lastKnownFileType = sourcecode.c.h; path = PrefixHeader.pch; sourceTree = "<group>"; };
		568A57FC1A061BE400163FA3 /* AppDelegate.h */ = {isa = PBXFileReference; fileEncoding = 4; lastKnownFileType = sourcecode.c.h; path = AppDelegate.h; sourceTree = "<group>"; };
		568A57FD1A061BE400163FA3 /* AppDelegate.m */ = {isa = PBXFileReference; fileEncoding = 4; lastKnownFileType = sourcecode.c.objc; path = AppDelegate.m; sourceTree = "<group>"; };
		568A57FE1A061BE400163FA3 /* AppNavigator.h */ = {isa = PBXFileReference; fileEncoding = 4; lastKnownFileType = sourcecode.c.h; path = AppNavigator.h; sourceTree = "<group>"; };
		568A57FF1A061BE400163FA3 /* AppNavigator.m */ = {isa = PBXFileReference; fileEncoding = 4; lastKnownFileType = sourcecode.c.objc; path = AppNavigator.m; sourceTree = "<group>"; };
		568A58001A061BE400163FA3 /* AppStartup.h */ = {isa = PBXFileReference; fileEncoding = 4; lastKnownFileType = sourcecode.c.h; path = AppStartup.h; sourceTree = "<group>"; };
		568A58011A061BE400163FA3 /* AppStartup.m */ = {isa = PBXFileReference; fileEncoding = 4; lastKnownFileType = sourcecode.c.objc; path = AppStartup.m; sourceTree = "<group>"; };
		568A58181A062FAE00163FA3 /* ForthViewController.h */ = {isa = PBXFileReference; fileEncoding = 4; lastKnownFileType = sourcecode.c.h; path = ForthViewController.h; sourceTree = "<group>"; };
		568A58191A062FAE00163FA3 /* ForthViewController.m */ = {isa = PBXFileReference; fileEncoding = 4; lastKnownFileType = sourcecode.c.objc; path = ForthViewController.m; sourceTree = "<group>"; };
		568A581E1A062FAE00163FA3 /* ThirdViewController.h */ = {isa = PBXFileReference; fileEncoding = 4; lastKnownFileType = sourcecode.c.h; path = ThirdViewController.h; sourceTree = "<group>"; };
		568A581F1A062FAE00163FA3 /* ThirdViewController.m */ = {isa = PBXFileReference; fileEncoding = 4; lastKnownFileType = sourcecode.c.objc; path = ThirdViewController.m; sourceTree = "<group>"; };
		DD5761051B673B6100CE800A /* BBCustomize.h */ = {isa = PBXFileReference; fileEncoding = 4; lastKnownFileType = sourcecode.c.h; path = BBCustomize.h; sourceTree = "<group>"; };
		DD5761061B673B6100CE800A /* BBCustomize.m */ = {isa = PBXFileReference; fileEncoding = 4; lastKnownFileType = sourcecode.c.objc; path = BBCustomize.m; sourceTree = "<group>"; };
		DD5761081B673B6100CE800A /* NSArray+Json.h */ = {isa = PBXFileReference; fileEncoding = 4; lastKnownFileType = sourcecode.c.h; path = "NSArray+Json.h"; sourceTree = "<group>"; };
		DD5761091B673B6100CE800A /* NSArray+Json.m */ = {isa = PBXFileReference; fileEncoding = 4; lastKnownFileType = sourcecode.c.objc; path = "NSArray+Json.m"; sourceTree = "<group>"; };
		DD57610A1B673B6100CE800A /* NSDate+Protable.h */ = {isa = PBXFileReference; fileEncoding = 4; lastKnownFileType = sourcecode.c.h; path = "NSDate+Protable.h"; sourceTree = "<group>"; };
		DD57610B1B673B6100CE800A /* NSDate+Protable.m */ = {isa = PBXFileReference; fileEncoding = 4; lastKnownFileType = sourcecode.c.objc; path = "NSDate+Protable.m"; sourceTree = "<group>"; };
		DD57610C1B673B6100CE800A /* NSDictionary+Json.h */ = {isa = PBXFileReference; fileEncoding = 4; lastKnownFileType = sourcecode.c.h; path = "NSDictionary+Json.h"; sourceTree = "<group>"; };
		DD57610D1B673B6100CE800A /* NSDictionary+Json.m */ = {isa = PBXFileReference; fileEncoding = 4; lastKnownFileType = sourcecode.c.objc; path = "NSDictionary+Json.m"; sourceTree = "<group>"; };
		DD57610E1B673B6100CE800A /* NSString+Protable.h */ = {isa = PBXFileReference; fileEncoding = 4; lastKnownFileType = sourcecode.c.h; path = "NSString+Protable.h"; sourceTree = "<group>"; };
		DD57610F1B673B6100CE800A /* NSString+Protable.m */ = {isa = PBXFileReference; fileEncoding = 4; lastKnownFileType = sourcecode.c.objc; path = "NSString+Protable.m"; sourceTree = "<group>"; };
		DD5761111B673B6100CE800A /* UIButton+Protable.h */ = {isa = PBXFileReference; fileEncoding = 4; lastKnownFileType = sourcecode.c.h; path = "UIButton+Protable.h"; sourceTree = "<group>"; };
		DD5761121B673B6100CE800A /* UIButton+Protable.m */ = {isa = PBXFileReference; fileEncoding = 4; lastKnownFileType = sourcecode.c.objc; path = "UIButton+Protable.m"; sourceTree = "<group>"; };
		DD5761131B673B6100CE800A /* UIColor+Protable.h */ = {isa = PBXFileReference; fileEncoding = 4; lastKnownFileType = sourcecode.c.h; path = "UIColor+Protable.h"; sourceTree = "<group>"; };
		DD5761141B673B6100CE800A /* UIColor+Protable.m */ = {isa = PBXFileReference; fileEncoding = 4; lastKnownFileType = sourcecode.c.objc; path = "UIColor+Protable.m"; sourceTree = "<group>"; };
		DD5761151B673B6100CE800A /* UIImage+Protable.h */ = {isa = PBXFileReference; fileEncoding = 4; lastKnownFileType = sourcecode.c.h; path = "UIImage+Protable.h"; sourceTree = "<group>"; };
		DD5761161B673B6100CE800A /* UIImage+Protable.m */ = {isa = PBXFileReference; fileEncoding = 4; lastKnownFileType = sourcecode.c.objc; path = "UIImage+Protable.m"; sourceTree = "<group>"; };
		DD5761171B673B6100CE800A /* UILabel+Protable.h */ = {isa = PBXFileReference; fileEncoding = 4; lastKnownFileType = sourcecode.c.h; path = "UILabel+Protable.h"; sourceTree = "<group>"; };
		DD5761181B673B6100CE800A /* UILabel+Protable.m */ = {isa = PBXFileReference; fileEncoding = 4; lastKnownFileType = sourcecode.c.objc; path = "UILabel+Protable.m"; sourceTree = "<group>"; };
		DD5761191B673B6100CE800A /* UITableView+Protable.h */ = {isa = PBXFileReference; fileEncoding = 4; lastKnownFileType = sourcecode.c.h; path = "UITableView+Protable.h"; sourceTree = "<group>"; };
		DD57611A1B673B6100CE800A /* UITableView+Protable.m */ = {isa = PBXFileReference; fileEncoding = 4; lastKnownFileType = sourcecode.c.objc; path = "UITableView+Protable.m"; sourceTree = "<group>"; };
		DD57611B1B673B6100CE800A /* UIView+Protable.h */ = {isa = PBXFileReference; fileEncoding = 4; lastKnownFileType = sourcecode.c.h; path = "UIView+Protable.h"; sourceTree = "<group>"; };
		DD57611C1B673B6100CE800A /* UIView+Protable.m */ = {isa = PBXFileReference; fileEncoding = 4; lastKnownFileType = sourcecode.c.objc; path = "UIView+Protable.m"; sourceTree = "<group>"; };
		DD57611D1B673B6100CE800A /* UIDevice+Protable.h */ = {isa = PBXFileReference; fileEncoding = 4; lastKnownFileType = sourcecode.c.h; path = "UIDevice+Protable.h"; sourceTree = "<group>"; };
		DD57611E1B673B6100CE800A /* UIDevice+Protable.m */ = {isa = PBXFileReference; fileEncoding = 4; lastKnownFileType = sourcecode.c.objc; path = "UIDevice+Protable.m"; sourceTree = "<group>"; };
		DD5761201B673B6100CE800A /* BBTableViewController.h */ = {isa = PBXFileReference; fileEncoding = 4; lastKnownFileType = sourcecode.c.h; path = BBTableViewController.h; sourceTree = "<group>"; };
		DD5761211B673B6100CE800A /* BBTableViewController.m */ = {isa = PBXFileReference; fileEncoding = 4; lastKnownFileType = sourcecode.c.objc; path = BBTableViewController.m; sourceTree = "<group>"; };
		DD5761221B673B6100CE800A /* BBViewController.h */ = {isa = PBXFileReference; fileEncoding = 4; lastKnownFileType = sourcecode.c.h; path = BBViewController.h; sourceTree = "<group>"; };
		DD5761231B673B6100CE800A /* BBViewController.m */ = {isa = PBXFileReference; fileEncoding = 4; lastKnownFileType = sourcecode.c.objc; path = BBViewController.m; sourceTree = "<group>"; };
		DD5761241B673B6100CE800A /* BBWebViewController.h */ = {isa = PBXFileReference; fileEncoding = 4; lastKnownFileType = sourcecode.c.h; path = BBWebViewController.h; sourceTree = "<group>"; };
		DD5761251B673B6100CE800A /* BBWebViewController.m */ = {isa = PBXFileReference; fileEncoding = 4; lastKnownFileType = sourcecode.c.objc; path = BBWebViewController.m; sourceTree = "<group>"; };
		DD5761271B673B6100CE800A /* BBTabBarController.h */ = {isa = PBXFileReference; fileEncoding = 4; lastKnownFileType = sourcecode.c.h; path = BBTabBarController.h; sourceTree = "<group>"; };
		DD5761281B673B6100CE800A /* BBTabBarController.m */ = {isa = PBXFileReference; fileEncoding = 4; lastKnownFileType = sourcecode.c.objc; path = BBTabBarController.m; sourceTree = "<group>"; };
		DD5761291B673B6100CE800A /* BBTabBarItem.h */ = {isa = PBXFileReference; fileEncoding = 4; lastKnownFileType = sourcecode.c.h; path = BBTabBarItem.h; sourceTree = "<group>"; };
		DD57612A1B673B6100CE800A /* BBTabBarItem.m */ = {isa = PBXFileReference; fileEncoding = 4; lastKnownFileType = sourcecode.c.objc; path = BBTabBarItem.m; sourceTree = "<group>"; };
		DD57612C1B673B6100CE800A /* BBDiskCache.h */ = {isa = PBXFileReference; fileEncoding = 4; lastKnownFileType = sourcecode.c.h; path = BBDiskCache.h; sourceTree = "<group>"; };
		DD57612D1B673B6100CE800A /* BBDiskCache.m */ = {isa = PBXFileReference; fileEncoding = 4; lastKnownFileType = sourcecode.c.objc; path = BBDiskCache.m; sourceTree = "<group>"; };
		DD57612E1B673B6100CE800A /* BBFile.h */ = {isa = PBXFileReference; fileEncoding = 4; lastKnownFileType = sourcecode.c.h; path = BBFile.h; sourceTree = "<group>"; };
		DD57612F1B673B6100CE800A /* BBFile.m */ = {isa = PBXFileReference; fileEncoding = 4; lastKnownFileType = sourcecode.c.objc; path = BBFile.m; sourceTree = "<group>"; };
		DD5761301B673B6100CE800A /* BBFileDiskCache.h */ = {isa = PBXFileReference; fileEncoding = 4; lastKnownFileType = sourcecode.c.h; path = BBFileDiskCache.h; sourceTree = "<group>"; };
		DD5761311B673B6100CE800A /* BBFileDiskCache.m */ = {isa = PBXFileReference; fileEncoding = 4; lastKnownFileType = sourcecode.c.objc; path = BBFileDiskCache.m; sourceTree = "<group>"; };
		DD5761321B673B6100CE800A /* BBImageFileHelper.h */ = {isa = PBXFileReference; fileEncoding = 4; lastKnownFileType = sourcecode.c.h; path = BBImageFileHelper.h; sourceTree = "<group>"; };
		DD5761331B673B6100CE800A /* BBImageFileHelper.m */ = {isa = PBXFileReference; fileEncoding = 4; lastKnownFileType = sourcecode.c.objc; path = BBImageFileHelper.m; sourceTree = "<group>"; };
		DD5761341B673B6100CE800A /* BBJsonFileHelper.h */ = {isa = PBXFileReference; fileEncoding = 4; lastKnownFileType = sourcecode.c.h; path = BBJsonFileHelper.h; sourceTree = "<group>"; };
		DD5761351B673B6100CE800A /* BBJsonFileHelper.m */ = {isa = PBXFileReference; fileEncoding = 4; lastKnownFileType = sourcecode.c.objc; path = BBJsonFileHelper.m; sourceTree = "<group>"; };
		DD5761361B673B6100CE800A /* BBPlistFileManager.h */ = {isa = PBXFileReference; fileEncoding = 4; lastKnownFileType = sourcecode.c.h; path = BBPlistFileManager.h; sourceTree = "<group>"; };
		DD5761371B673B6100CE800A /* BBPlistFileManager.m */ = {isa = PBXFileReference; fileEncoding = 4; lastKnownFileType = sourcecode.c.objc; path = BBPlistFileManager.m; sourceTree = "<group>"; };
		DD5761391B673B6100CE800A /* BBNaviBackButton.h */ = {isa = PBXFileReference; fileEncoding = 4; lastKnownFileType = sourcecode.c.h; path = BBNaviBackButton.h; sourceTree = "<group>"; };
		DD57613A1B673B6100CE800A /* BBNaviBackButton.m */ = {isa = PBXFileReference; fileEncoding = 4; lastKnownFileType = sourcecode.c.objc; path = BBNaviBackButton.m; sourceTree = "<group>"; };
		DD57613B1B673B6100CE800A /* UINavigationItem+Protable.h */ = {isa = PBXFileReference; fileEncoding = 4; lastKnownFileType = sourcecode.c.h; path = "UINavigationItem+Protable.h"; sourceTree = "<group>"; };
		DD57613C1B673B6100CE800A /* UINavigationItem+Protable.m */ = {isa = PBXFileReference; fileEncoding = 4; lastKnownFileType = sourcecode.c.objc; path = "UINavigationItem+Protable.m"; sourceTree = "<group>"; };
		DD57613D1B673B6100CE800A /* UIViewController+Navi.h */ = {isa = PBXFileReference; fileEncoding = 4; lastKnownFileType = sourcecode.c.h; path = "UIViewController+Navi.h"; sourceTree = "<group>"; };
		DD57613E1B673B6100CE800A /* UIViewController+Navi.m */ = {isa = PBXFileReference; fileEncoding = 4; lastKnownFileType = sourcecode.c.objc; path = "UIViewController+Navi.m"; sourceTree = "<group>"; };
		DD57613F1B673B6100CE800A /* ProtableCore.h */ = {isa = PBXFileReference; fileEncoding = 4; lastKnownFileType = sourcecode.c.h; path = ProtableCore.h; sourceTree = "<group>"; };
		DD5761401B673B6100CE800A /* ProtableDefines.h */ = {isa = PBXFileReference; fileEncoding = 4; lastKnownFileType = sourcecode.c.h; path = ProtableDefines.h; sourceTree = "<group>"; };
		DD5761421B673B6100CE800A /* BBApplication.h */ = {isa = PBXFileReference; fileEncoding = 4; lastKnownFileType = sourcecode.c.h; path = BBApplication.h; sourceTree = "<group>"; };
		DD5761431B673B6100CE800A /* BBApplication.m */ = {isa = PBXFileReference; fileEncoding = 4; lastKnownFileType = sourcecode.c.objc; path = BBApplication.m; sourceTree = "<group>"; };
		DD5761441B673B6100CE800A /* BBSkin.h */ = {isa = PBXFileReference; fileEncoding = 4; lastKnownFileType = sourcecode.c.h; path = BBSkin.h; sourceTree = "<group>"; };
		DD5761451B673B6100CE800A /* BBSkin.m */ = {isa = PBXFileReference; fileEncoding = 4; lastKnownFileType = sourcecode.c.objc; path = BBSkin.m; sourceTree = "<group>"; };
		DD5761461B673B6100CE800A /* BBUserConfig.h */ = {isa = PBXFileReference; fileEncoding = 4; lastKnownFileType = sourcecode.c.h; path = BBUserConfig.h; sourceTree = "<group>"; };
		DD5761471B673B6100CE800A /* BBUserConfig.m */ = {isa = PBXFileReference; fileEncoding = 4; lastKnownFileType = sourcecode.c.objc; path = BBUserConfig.m; sourceTree = "<group>"; };
		DD5761481B673B6100CE800A /* BBUtility.h */ = {isa = PBXFileReference; fileEncoding = 4; lastKnownFileType = sourcecode.c.h; path = BBUtility.h; sourceTree = "<group>"; };
		DD5761491B673B6100CE800A /* BBUtility.m */ = {isa = PBXFileReference; fileEncoding = 4; lastKnownFileType = sourcecode.c.objc; path = BBUtility.m; sourceTree = "<group>"; };
		DD57616C1B675C5F00CE800A /* BBSegmentedControl.h */ = {isa = PBXFileReference; fileEncoding = 4; lastKnownFileType = sourcecode.c.h; path = BBSegmentedControl.h; sourceTree = "<group>"; };
		DD57616D1B675C5F00CE800A /* BBSegmentedControl.m */ = {isa = PBXFileReference; fileEncoding = 4; lastKnownFileType = sourcecode.c.objc; path = BBSegmentedControl.m; sourceTree = "<group>"; };
		DD57616E1B675C5F00CE800A /* BBSegmentViewController.h */ = {isa = PBXFileReference; fileEncoding = 4; lastKnownFileType = sourcecode.c.h; path = BBSegmentViewController.h; sourceTree = "<group>"; };
		DD57616F1B675C5F00CE800A /* BBSegmentViewController.m */ = {isa = PBXFileReference; fileEncoding = 4; lastKnownFileType = sourcecode.c.objc; path = BBSegmentViewController.m; sourceTree = "<group>"; };
		DD5761721B6760DB00CE800A /* DEBaseFirstViewController.h */ = {isa = PBXFileReference; fileEncoding = 4; lastKnownFileType = sourcecode.c.h; path = DEBaseFirstViewController.h; sourceTree = "<group>"; };
		DD5761731B6760DB00CE800A /* DEBaseFirstViewController.m */ = {isa = PBXFileReference; fileEncoding = 4; lastKnownFileType = sourcecode.c.objc; path = DEBaseFirstViewController.m; sourceTree = "<group>"; };
		DD5761741B6760DB00CE800A /* DEBaseForthViewController.h */ = {isa = PBXFileReference; fileEncoding = 4; lastKnownFileType = sourcecode.c.h; path = DEBaseForthViewController.h; sourceTree = "<group>"; };
		DD5761751B6760DB00CE800A /* DEBaseForthViewController.m */ = {isa = PBXFileReference; fileEncoding = 4; lastKnownFileType = sourcecode.c.objc; path = DEBaseForthViewController.m; sourceTree = "<group>"; };
		DD5761761B6760DB00CE800A /* DEBaseSecondViewController.h */ = {isa = PBXFileReference; fileEncoding = 4; lastKnownFileType = sourcecode.c.h; path = DEBaseSecondViewController.h; sourceTree = "<group>"; };
		DD5761771B6760DB00CE800A /* DEBaseSecondViewController.m */ = {isa = PBXFileReference; fileEncoding = 4; lastKnownFileType = sourcecode.c.objc; path = DEBaseSecondViewController.m; sourceTree = "<group>"; };
		DD5761781B6760DB00CE800A /* DEBaseThirdViewController.h */ = {isa = PBXFileReference; fileEncoding = 4; lastKnownFileType = sourcecode.c.h; path = DEBaseThirdViewController.h; sourceTree = "<group>"; };
		DD5761791B6760DB00CE800A /* DEBaseThirdViewController.m */ = {isa = PBXFileReference; fileEncoding = 4; lastKnownFileType = sourcecode.c.objc; path = DEBaseThirdViewController.m; sourceTree = "<group>"; };
		DD57617E1B6763E300CE800A /* DEBaseFifthViewController.h */ = {isa = PBXFileReference; fileEncoding = 4; lastKnownFileType = sourcecode.c.h; path = DEBaseFifthViewController.h; sourceTree = "<group>"; };
		DD57617F1B6763E300CE800A /* DEBaseFifthViewController.m */ = {isa = PBXFileReference; fileEncoding = 4; lastKnownFileType = sourcecode.c.objc; path = DEBaseFifthViewController.m; sourceTree = "<group>"; };
		ED943E091A89A041006A5C73 /* DECTestLabelViewController.h */ = {isa = PBXFileReference; fileEncoding = 4; lastKnownFileType = sourcecode.c.h; path = DECTestLabelViewController.h; sourceTree = "<group>"; };
		ED943E0A1A89A041006A5C73 /* DECTestLabelViewController.m */ = {isa = PBXFileReference; fileEncoding = 4; lastKnownFileType = sourcecode.c.objc; path = DECTestLabelViewController.m; sourceTree = "<group>"; };
/* End PBXFileReference section */

/* Begin PBXFrameworksBuildPhase section */
		568A55F41A0614C200163FA3 /* Frameworks */ = {
			isa = PBXFrameworksBuildPhase;
			buildActionMask = 2147483647;
			files = (
			);
			runOnlyForDeploymentPostprocessing = 0;
		};
		568A56071A0614C200163FA3 /* Frameworks */ = {
			isa = PBXFrameworksBuildPhase;
			buildActionMask = 2147483647;
			files = (
			);
			runOnlyForDeploymentPostprocessing = 0;
		};
/* End PBXFrameworksBuildPhase section */

/* Begin PBXGroup section */
		17285EF81A474E620047A25A /* CoreExamples */ = {
			isa = PBXGroup;
			children = (
				17285EF91A474E620047A25A /* DEBaseExamplesViewController.h */,
				17285EFA1A474E620047A25A /* DEBaseExamplesViewController.m */,
				DD5761721B6760DB00CE800A /* DEBaseFirstViewController.h */,
				DD5761731B6760DB00CE800A /* DEBaseFirstViewController.m */,
				DD5761761B6760DB00CE800A /* DEBaseSecondViewController.h */,
				DD5761771B6760DB00CE800A /* DEBaseSecondViewController.m */,
				DD5761781B6760DB00CE800A /* DEBaseThirdViewController.h */,
				DD5761791B6760DB00CE800A /* DEBaseThirdViewController.m */,
				DD5761741B6760DB00CE800A /* DEBaseForthViewController.h */,
				DD5761751B6760DB00CE800A /* DEBaseForthViewController.m */,
				DD57617E1B6763E300CE800A /* DEBaseFifthViewController.h */,
				DD57617F1B6763E300CE800A /* DEBaseFifthViewController.m */,
				17285F031A4752120047A25A /* CategoriesExamples */,
				17285F061A4752120047A25A /* ControllersExamples */,
				17285F091A4752120047A25A /* FileExamples */,
				17285F0C1A4752120047A25A /* UtilitiesExamples */,
				17285F0F1A4752120047A25A /* ViewExamples */,
			);
			path = CoreExamples;
			sourceTree = "<group>";
		};
		17285EFB1A474E620047A25A /* ExtensionsExamples */ = {
			isa = PBXGroup;
			children = (
				17285EFC1A474E620047A25A /* DEExtensionsExamplesViewController.h */,
				17285EFD1A474E620047A25A /* DEExtensionsExamplesViewController.m */,
			);
			path = ExtensionsExamples;
			sourceTree = "<group>";
		};
		17285F031A4752120047A25A /* CategoriesExamples */ = {
			isa = PBXGroup;
			children = (
				17285F041A4752120047A25A /* DECCategoriesViewController.h */,
				17285F051A4752120047A25A /* DECCategoriesViewController.m */,
			);
			path = CategoriesExamples;
			sourceTree = "<group>";
		};
		17285F061A4752120047A25A /* ControllersExamples */ = {
			isa = PBXGroup;
			children = (
				17285F071A4752120047A25A /* DECControllersViewController.h */,
				17285F081A4752120047A25A /* DECControllersViewController.m */,
			);
			path = ControllersExamples;
			sourceTree = "<group>";
		};
		17285F091A4752120047A25A /* FileExamples */ = {
			isa = PBXGroup;
			children = (
				17285F0A1A4752120047A25A /* DECFileViewController.h */,
				17285F0B1A4752120047A25A /* DECFileViewController.m */,
			);
			path = FileExamples;
			sourceTree = "<group>";
		};
		17285F0C1A4752120047A25A /* UtilitiesExamples */ = {
			isa = PBXGroup;
			children = (
				17285F0D1A4752120047A25A /* DECUtilitiesViewController.h */,
				17285F0E1A4752120047A25A /* DECUtilitiesViewController.m */,
			);
			path = UtilitiesExamples;
			sourceTree = "<group>";
		};
		17285F0F1A4752120047A25A /* ViewExamples */ = {
			isa = PBXGroup;
			children = (
				17285F101A4752120047A25A /* DECViewViewController.h */,
				17285F111A4752120047A25A /* DECViewViewController.m */,
				ED943E091A89A041006A5C73 /* DECTestLabelViewController.h */,
				ED943E0A1A89A041006A5C73 /* DECTestLabelViewController.m */,
			);
			path = ViewExamples;
			sourceTree = "<group>";
		};
		5688DDCB1A067B8400F65FE9 /* Protable */ = {
			isa = PBXGroup;
			children = (
				5688DE511A067B8400F65FE9 /* Protable.h */,
				DD5761041B673B6100CE800A /* Base */,
				5688DE181A067B8400F65FE9 /* Extensions */,
				DD57616A1B673E4A00CE800A /* Solutions */,
			);
			name = Protable;
			path = ../Protable;
			sourceTree = "<group>";
		};
		5688DE181A067B8400F65FE9 /* Extensions */ = {
			isa = PBXGroup;
			children = (
				5688DE191A067B8400F65FE9 /* Attributed */,
				5688DE201A067B8400F65FE9 /* ProtableExtensions.h */,
				5688DE211A067B8400F65FE9 /* View */,
			);
			path = Extensions;
			sourceTree = "<group>";
		};
		5688DE191A067B8400F65FE9 /* Attributed */ = {
			isa = PBXGroup;
			children = (
				5688DE1A1A067B8400F65FE9 /* BAAttributedText.h */,
				5688DE1B1A067B8400F65FE9 /* BAAttributedText.m */,
				5688DE1C1A067B8400F65FE9 /* BAAttributedTextView.h */,
				5688DE1D1A067B8400F65FE9 /* BAAttributedTextView.m */,
				5688DE1E1A067B8400F65FE9 /* NSAttributedString+Height.h */,
				5688DE1F1A067B8400F65FE9 /* NSAttributedString+Height.m */,
			);
			path = Attributed;
			sourceTree = "<group>";
		};
		5688DE211A067B8400F65FE9 /* View */ = {
			isa = PBXGroup;
			children = (
				5688DE221A067B8400F65FE9 /* AlertBlock */,
				5688DE2B1A067B8400F65FE9 /* BBCheckBox.h */,
				5688DE2C1A067B8400F65FE9 /* BBCheckBox.m */,
				17E9409B1AF633FA00853A1E /* BBImageView.h */,
				17E9409C1AF633FA00853A1E /* BBImageView.m */,
				5688DE2F1A067B8400F65FE9 /* BALineCollectionView */,
				5688DE361A067B8400F65FE9 /* BAOverlayView.h */,
				5688DE371A067B8400F65FE9 /* BAOverlayView.m */,
				5688DE381A067B8400F65FE9 /* BAPickerView */,
				5688DE421A067B8400F65FE9 /* BBSwitchButton.h */,
				5688DE431A067B8400F65FE9 /* BBSwitchButton.m */,
				5688DE441A067B8400F65FE9 /* Cell */,
			);
			path = View;
			sourceTree = "<group>";
		};
		5688DE221A067B8400F65FE9 /* AlertBlock */ = {
			isa = PBXGroup;
			children = (
				5688DE231A067B8400F65FE9 /* BAButtonItem.h */,
				5688DE241A067B8400F65FE9 /* BAButtonItem.m */,
				5688DE251A067B8400F65FE9 /* UIActionSheet+Blocks.h */,
				5688DE261A067B8400F65FE9 /* UIActionSheet+Blocks.m */,
				5688DE271A067B8400F65FE9 /* UIAlertView+Blocks.h */,
				5688DE281A067B8400F65FE9 /* UIAlertView+Blocks.m */,
			);
			path = AlertBlock;
			sourceTree = "<group>";
		};
		5688DE2F1A067B8400F65FE9 /* BALineCollectionView */ = {
			isa = PBXGroup;
			children = (
				5688DE301A067B8400F65FE9 /* BACollectionViewCell.h */,
				5688DE311A067B8400F65FE9 /* BACollectionViewCell.m */,
				5688DE321A067B8400F65FE9 /* BACollectionViewLineLayout.h */,
				5688DE331A067B8400F65FE9 /* BACollectionViewLineLayout.m */,
				5688DE341A067B8400F65FE9 /* BALineCollectionView.h */,
				5688DE351A067B8400F65FE9 /* BALineCollectionView.m */,
			);
			path = BALineCollectionView;
			sourceTree = "<group>";
		};
		5688DE381A067B8400F65FE9 /* BAPickerView */ = {
			isa = PBXGroup;
			children = (
				5688DE391A067B8400F65FE9 /* BADatePickerView.h */,
				5688DE3A1A067B8400F65FE9 /* BADatePickerView.m */,
				5688DE3B1A067B8400F65FE9 /* BAMaskPickerView.h */,
				5688DE3C1A067B8400F65FE9 /* BAMaskPickerView.m */,
				5688DE3D1A067B8400F65FE9 /* BAPickerView.h */,
				5688DE3E1A067B8400F65FE9 /* BAPickerView.m */,
				5688DE3F1A067B8400F65FE9 /* BAPickerViewDelegate.h */,
				5688DE401A067B8400F65FE9 /* BAPickerViewWithSwitch.h */,
				5688DE411A067B8400F65FE9 /* BAPickerViewWithSwitch.m */,
			);
			path = BAPickerView;
			sourceTree = "<group>";
		};
		5688DE441A067B8400F65FE9 /* Cell */ = {
			isa = PBXGroup;
			children = (
				17CA1AFB1B4005F00028848D /* BBTableViewCell.h */,
				17CA1AFC1B4005F00028848D /* BBTableViewCell.m */,
				5688DE491A067B8400F65FE9 /* BAImageGridCell.h */,
				5688DE4A1A067B8400F65FE9 /* BAImageGridCell.m */,
				5688DE4B1A067B8400F65FE9 /* BBLeftImageViewCell.h */,
				5688DE4C1A067B8400F65FE9 /* BBLeftImageViewCell.m */,
				5688DE4D1A067B8400F65FE9 /* BBRightViewCell.h */,
				5688DE4E1A067B8400F65FE9 /* BBRightViewCell.m */,
				5688DE4F1A067B8400F65FE9 /* BASelectFlagGridCell.h */,
				5688DE501A067B8400F65FE9 /* BASelectFlagGridCell.m */,
			);
			path = Cell;
			sourceTree = "<group>";
		};
		568A55EE1A0614C200163FA3 = {
			isa = PBXGroup;
			children = (
				5688DDCB1A067B8400F65FE9 /* Protable */,
				568A55F91A0614C200163FA3 /* Demo */,
				568A560D1A0614C200163FA3 /* DemoTests */,
				568A55F81A0614C200163FA3 /* Products */,
			);
			sourceTree = "<group>";
		};
		568A55F81A0614C200163FA3 /* Products */ = {
			isa = PBXGroup;
			children = (
				568A55F71A0614C200163FA3 /* Demo.app */,
				568A560A1A0614C200163FA3 /* DemoTests.xctest */,
			);
			name = Products;
			sourceTree = "<group>";
		};
		568A55F91A0614C200163FA3 /* Demo */ = {
			isa = PBXGroup;
			children = (
				568A57FC1A061BE400163FA3 /* AppDelegate.h */,
				568A57FD1A061BE400163FA3 /* AppDelegate.m */,
				568A57FE1A061BE400163FA3 /* AppNavigator.h */,
				568A57FF1A061BE400163FA3 /* AppNavigator.m */,
				568A58001A061BE400163FA3 /* AppStartup.h */,
				568A58011A061BE400163FA3 /* AppStartup.m */,
				17285EF81A474E620047A25A /* CoreExamples */,
				17285EFB1A474E620047A25A /* ExtensionsExamples */,
				568A581D1A062FAE00163FA3 /* ThirdTab */,
				568A58171A062FAE00163FA3 /* ForthTab */,
				568A56011A0614C200163FA3 /* Images.xcassets */,
				568A56031A0614C200163FA3 /* LaunchScreen.xib */,
				568A561A1A0615BA00163FA3 /* Resource */,
				568A55FA1A0614C200163FA3 /* Supporting Files */,
			);
			path = Demo;
			sourceTree = "<group>";
		};
		568A55FA1A0614C200163FA3 /* Supporting Files */ = {
			isa = PBXGroup;
			children = (
				568A55FB1A0614C200163FA3 /* Info.plist */,
				568A55FC1A0614C200163FA3 /* main.m */,
				568A57831A06176100163FA3 /* PrefixHeader.pch */,
			);
			name = "Supporting Files";
			sourceTree = "<group>";
		};
		568A560D1A0614C200163FA3 /* DemoTests */ = {
			isa = PBXGroup;
			children = (
				568A56101A0614C200163FA3 /* DemoTests.m */,
				568A560E1A0614C200163FA3 /* Supporting Files */,
			);
			path = DemoTests;
			sourceTree = "<group>";
		};
		568A560E1A0614C200163FA3 /* Supporting Files */ = {
			isa = PBXGroup;
			children = (
				568A560F1A0614C200163FA3 /* Info.plist */,
			);
			name = "Supporting Files";
			sourceTree = "<group>";
		};
		568A561A1A0615BA00163FA3 /* Resource */ = {
			isa = PBXGroup;
			children = (
				17CA1B041B4013290028848D /* font_color.plist */,
				568A561B1A0615BA00163FA3 /* Default-568h@2x.png */,
			);
			path = Resource;
			sourceTree = "<group>";
		};
		568A58171A062FAE00163FA3 /* ForthTab */ = {
			isa = PBXGroup;
			children = (
				568A58181A062FAE00163FA3 /* ForthViewController.h */,
				568A58191A062FAE00163FA3 /* ForthViewController.m */,
			);
			path = ForthTab;
			sourceTree = "<group>";
		};
		568A581D1A062FAE00163FA3 /* ThirdTab */ = {
			isa = PBXGroup;
			children = (
				568A581E1A062FAE00163FA3 /* ThirdViewController.h */,
				568A581F1A062FAE00163FA3 /* ThirdViewController.m */,
			);
			path = ThirdTab;
			sourceTree = "<group>";
		};
		DD5761041B673B6100CE800A /* Base */ = {
			isa = PBXGroup;
			children = (
				DD5761051B673B6100CE800A /* BBCustomize.h */,
				DD5761061B673B6100CE800A /* BBCustomize.m */,
				DD5761071B673B6100CE800A /* Categories */,
				DD57611F1B673B6100CE800A /* Controllers */,
				DD57612B1B673B6100CE800A /* File */,
				DD5761381B673B6100CE800A /* Navi */,
				DD57613F1B673B6100CE800A /* ProtableCore.h */,
				DD5761401B673B6100CE800A /* ProtableDefines.h */,
				DD5761411B673B6100CE800A /* Utilities */,
			);
			path = Base;
			sourceTree = "<group>";
		};
		DD5761071B673B6100CE800A /* Categories */ = {
			isa = PBXGroup;
			children = (
				DD5761081B673B6100CE800A /* NSArray+Json.h */,
				DD5761091B673B6100CE800A /* NSArray+Json.m */,
				DD57610A1B673B6100CE800A /* NSDate+Protable.h */,
				DD57610B1B673B6100CE800A /* NSDate+Protable.m */,
				DD57610C1B673B6100CE800A /* NSDictionary+Json.h */,
				DD57610D1B673B6100CE800A /* NSDictionary+Json.m */,
				DD57610E1B673B6100CE800A /* NSString+Protable.h */,
				DD57610F1B673B6100CE800A /* NSString+Protable.m */,
				DD5761101B673B6100CE800A /* UI */,
				DD57611D1B673B6100CE800A /* UIDevice+Protable.h */,
				DD57611E1B673B6100CE800A /* UIDevice+Protable.m */,
			);
			path = Categories;
			sourceTree = "<group>";
		};
		DD5761101B673B6100CE800A /* UI */ = {
			isa = PBXGroup;
			children = (
				DD5761111B673B6100CE800A /* UIButton+Protable.h */,
				DD5761121B673B6100CE800A /* UIButton+Protable.m */,
				DD5761131B673B6100CE800A /* UIColor+Protable.h */,
				DD5761141B673B6100CE800A /* UIColor+Protable.m */,
				DD5761151B673B6100CE800A /* UIImage+Protable.h */,
				DD5761161B673B6100CE800A /* UIImage+Protable.m */,
				DD5761171B673B6100CE800A /* UILabel+Protable.h */,
				DD5761181B673B6100CE800A /* UILabel+Protable.m */,
				DD5761191B673B6100CE800A /* UITableView+Protable.h */,
				DD57611A1B673B6100CE800A /* UITableView+Protable.m */,
				DD57611B1B673B6100CE800A /* UIView+Protable.h */,
				DD57611C1B673B6100CE800A /* UIView+Protable.m */,
			);
			path = UI;
			sourceTree = "<group>";
		};
		DD57611F1B673B6100CE800A /* Controllers */ = {
			isa = PBXGroup;
			children = (
				DD5761201B673B6100CE800A /* BBTableViewController.h */,
				DD5761211B673B6100CE800A /* BBTableViewController.m */,
				DD5761221B673B6100CE800A /* BBViewController.h */,
				DD5761231B673B6100CE800A /* BBViewController.m */,
				DD5761241B673B6100CE800A /* BBWebViewController.h */,
				DD5761251B673B6100CE800A /* BBWebViewController.m */,
				DD5761261B673B6100CE800A /* TabBarController */,
			);
			path = Controllers;
			sourceTree = "<group>";
		};
		DD5761261B673B6100CE800A /* TabBarController */ = {
			isa = PBXGroup;
			children = (
				DD5761271B673B6100CE800A /* BBTabBarController.h */,
				DD5761281B673B6100CE800A /* BBTabBarController.m */,
				DD5761291B673B6100CE800A /* BBTabBarItem.h */,
				DD57612A1B673B6100CE800A /* BBTabBarItem.m */,
			);
			path = TabBarController;
			sourceTree = "<group>";
		};
		DD57612B1B673B6100CE800A /* File */ = {
			isa = PBXGroup;
			children = (
				DD57612C1B673B6100CE800A /* BBDiskCache.h */,
				DD57612D1B673B6100CE800A /* BBDiskCache.m */,
				DD57612E1B673B6100CE800A /* BBFile.h */,
				DD57612F1B673B6100CE800A /* BBFile.m */,
				DD5761301B673B6100CE800A /* BBFileDiskCache.h */,
				DD5761311B673B6100CE800A /* BBFileDiskCache.m */,
				DD5761321B673B6100CE800A /* BBImageFileHelper.h */,
				DD5761331B673B6100CE800A /* BBImageFileHelper.m */,
				DD5761341B673B6100CE800A /* BBJsonFileHelper.h */,
				DD5761351B673B6100CE800A /* BBJsonFileHelper.m */,
				DD5761361B673B6100CE800A /* BBPlistFileManager.h */,
				DD5761371B673B6100CE800A /* BBPlistFileManager.m */,
			);
			path = File;
			sourceTree = "<group>";
		};
		DD5761381B673B6100CE800A /* Navi */ = {
			isa = PBXGroup;
			children = (
				DD5761391B673B6100CE800A /* BBNaviBackButton.h */,
				DD57613A1B673B6100CE800A /* BBNaviBackButton.m */,
				DD57613B1B673B6100CE800A /* UINavigationItem+Protable.h */,
				DD57613C1B673B6100CE800A /* UINavigationItem+Protable.m */,
				DD57613D1B673B6100CE800A /* UIViewController+Navi.h */,
				DD57613E1B673B6100CE800A /* UIViewController+Navi.m */,
			);
			path = Navi;
			sourceTree = "<group>";
		};
		DD5761411B673B6100CE800A /* Utilities */ = {
			isa = PBXGroup;
			children = (
				DD5761421B673B6100CE800A /* BBApplication.h */,
				DD5761431B673B6100CE800A /* BBApplication.m */,
				DD5761441B673B6100CE800A /* BBSkin.h */,
				DD5761451B673B6100CE800A /* BBSkin.m */,
				DD5761461B673B6100CE800A /* BBUserConfig.h */,
				DD5761471B673B6100CE800A /* BBUserConfig.m */,
				DD5761481B673B6100CE800A /* BBUtility.h */,
				DD5761491B673B6100CE800A /* BBUtility.m */,
			);
			path = Utilities;
			sourceTree = "<group>";
		};
		DD57616A1B673E4A00CE800A /* Solutions */ = {
			isa = PBXGroup;
			children = (
				DD57616B1B675C5F00CE800A /* Segmented */,
			);
			path = Solutions;
			sourceTree = "<group>";
		};
		DD57616B1B675C5F00CE800A /* Segmented */ = {
			isa = PBXGroup;
			children = (
				DD57616C1B675C5F00CE800A /* BBSegmentedControl.h */,
				DD57616D1B675C5F00CE800A /* BBSegmentedControl.m */,
				DD57616E1B675C5F00CE800A /* BBSegmentViewController.h */,
				DD57616F1B675C5F00CE800A /* BBSegmentViewController.m */,
			);
			path = Segmented;
			sourceTree = "<group>";
		};
/* End PBXGroup section */

/* Begin PBXNativeTarget section */
		568A55F61A0614C200163FA3 /* Demo */ = {
			isa = PBXNativeTarget;
			buildConfigurationList = 568A56141A0614C200163FA3 /* Build configuration list for PBXNativeTarget "Demo" */;
			buildPhases = (
				568A55F31A0614C200163FA3 /* Sources */,
				568A55F41A0614C200163FA3 /* Frameworks */,
				568A55F51A0614C200163FA3 /* Resources */,
			);
			buildRules = (
			);
			dependencies = (
			);
			name = Demo;
			productName = Demo;
			productReference = 568A55F71A0614C200163FA3 /* Demo.app */;
			productType = "com.apple.product-type.application";
		};
		568A56091A0614C200163FA3 /* DemoTests */ = {
			isa = PBXNativeTarget;
			buildConfigurationList = 568A56171A0614C200163FA3 /* Build configuration list for PBXNativeTarget "DemoTests" */;
			buildPhases = (
				568A56061A0614C200163FA3 /* Sources */,
				568A56071A0614C200163FA3 /* Frameworks */,
				568A56081A0614C200163FA3 /* Resources */,
			);
			buildRules = (
			);
			dependencies = (
				568A560C1A0614C200163FA3 /* PBXTargetDependency */,
			);
			name = DemoTests;
			productName = DemoTests;
			productReference = 568A560A1A0614C200163FA3 /* DemoTests.xctest */;
			productType = "com.apple.product-type.bundle.unit-test";
		};
/* End PBXNativeTarget section */

/* Begin PBXProject section */
		568A55EF1A0614C200163FA3 /* Project object */ = {
			isa = PBXProject;
			attributes = {
				LastUpgradeCheck = 0700;
				ORGANIZATIONNAME = "hou zhenyong";
				TargetAttributes = {
					568A55F61A0614C200163FA3 = {
						CreatedOnToolsVersion = 6.1;
						DevelopmentTeam = S4NWU843M5;
					};
					568A56091A0614C200163FA3 = {
						CreatedOnToolsVersion = 6.1;
						TestTargetID = 568A55F61A0614C200163FA3;
					};
				};
			};
			buildConfigurationList = 568A55F21A0614C200163FA3 /* Build configuration list for PBXProject "Demo" */;
			compatibilityVersion = "Xcode 3.2";
			developmentRegion = English;
			hasScannedForEncodings = 0;
			knownRegions = (
				en,
				Base,
			);
			mainGroup = 568A55EE1A0614C200163FA3;
			productRefGroup = 568A55F81A0614C200163FA3 /* Products */;
			projectDirPath = "";
			projectRoot = "";
			targets = (
				568A55F61A0614C200163FA3 /* Demo */,
				568A56091A0614C200163FA3 /* DemoTests */,
			);
		};
/* End PBXProject section */

/* Begin PBXResourcesBuildPhase section */
		568A55F51A0614C200163FA3 /* Resources */ = {
			isa = PBXResourcesBuildPhase;
			buildActionMask = 2147483647;
			files = (
				568A56051A0614C200163FA3 /* LaunchScreen.xib in Resources */,
				568A56021A0614C200163FA3 /* Images.xcassets in Resources */,
				568A56711A0615BA00163FA3 /* Default-568h@2x.png in Resources */,
				17CA1B051B4013290028848D /* font_color.plist in Resources */,
			);
			runOnlyForDeploymentPostprocessing = 0;
		};
		568A56081A0614C200163FA3 /* Resources */ = {
			isa = PBXResourcesBuildPhase;
			buildActionMask = 2147483647;
			files = (
			);
			runOnlyForDeploymentPostprocessing = 0;
		};
/* End PBXResourcesBuildPhase section */

/* Begin PBXSourcesBuildPhase section */
		568A55F31A0614C200163FA3 /* Sources */ = {
			isa = PBXSourcesBuildPhase;
			buildActionMask = 2147483647;
			files = (
				DD5761541B673B6100CE800A /* UIView+Protable.m in Sources */,
				DD57615E1B673B6100CE800A /* BBImageFileHelper.m in Sources */,
				5688DE791A067B8400F65FE9 /* BBCheckBox.m in Sources */,
				17E9409D1AF633FA00853A1E /* BBImageView.m in Sources */,
				5688DE7C1A067B8400F65FE9 /* BACollectionViewLineLayout.m in Sources */,
				DD5761621B673B6100CE800A /* UINavigationItem+Protable.m in Sources */,
				17CA1AFD1B4005F00028848D /* BBTableViewCell.m in Sources */,
				DD57615B1B673B6100CE800A /* BBDiskCache.m in Sources */,
				DD57617B1B6760DB00CE800A /* DEBaseForthViewController.m in Sources */,
				DD5761701B675C5F00CE800A /* BBSegmentedControl.m in Sources */,
				DD5761711B675C5F00CE800A /* BBSegmentViewController.m in Sources */,
				5688DE871A067B8400F65FE9 /* BBLeftImageViewCell.m in Sources */,
				5688DE721A067B8400F65FE9 /* BAAttributedText.m in Sources */,
				DD57614B1B673B6100CE800A /* NSArray+Json.m in Sources */,
				DD5761661B673B6100CE800A /* BBUserConfig.m in Sources */,
				5688DE861A067B8400F65FE9 /* BAImageGridCell.m in Sources */,
				DD5761501B673B6100CE800A /* UIColor+Protable.m in Sources */,
				DD57614F1B673B6100CE800A /* UIButton+Protable.m in Sources */,
				DD57615C1B673B6100CE800A /* BBFile.m in Sources */,
				DD5761521B673B6100CE800A /* UILabel+Protable.m in Sources */,
				17285F151A4752120047A25A /* DECUtilitiesViewController.m in Sources */,
				DD5761561B673B6100CE800A /* BBTableViewController.m in Sources */,
				5688DE7B1A067B8400F65FE9 /* BACollectionViewCell.m in Sources */,
				DD57614D1B673B6100CE800A /* NSDictionary+Json.m in Sources */,
				5688DE881A067B8400F65FE9 /* BBRightViewCell.m in Sources */,
				5688DE891A067B8400F65FE9 /* BASelectFlagGridCell.m in Sources */,
				5688DE801A067B8400F65FE9 /* BAMaskPickerView.m in Sources */,
				DD57614C1B673B6100CE800A /* NSDate+Protable.m in Sources */,
				ED943E0B1A89A041006A5C73 /* DECTestLabelViewController.m in Sources */,
				DD5761611B673B6100CE800A /* BBNaviBackButton.m in Sources */,
				DD5761511B673B6100CE800A /* UIImage+Protable.m in Sources */,
				DD57617C1B6760DB00CE800A /* DEBaseSecondViewController.m in Sources */,
				DD57614E1B673B6100CE800A /* NSString+Protable.m in Sources */,
				17285F161A4752120047A25A /* DECViewViewController.m in Sources */,
				17285F141A4752120047A25A /* DECFileViewController.m in Sources */,
				568A58041A061BE400163FA3 /* AppStartup.m in Sources */,
				DD5761671B673B6100CE800A /* BBUtility.m in Sources */,
				568A58021A061BE400163FA3 /* AppDelegate.m in Sources */,
				5688DE731A067B8400F65FE9 /* BAAttributedTextView.m in Sources */,
				DD5761531B673B6100CE800A /* UITableView+Protable.m in Sources */,
				568A58031A061BE400163FA3 /* AppNavigator.m in Sources */,
				DD5761581B673B6100CE800A /* BBWebViewController.m in Sources */,
				DD5761591B673B6100CE800A /* BBTabBarController.m in Sources */,
				DD57615F1B673B6100CE800A /* BBJsonFileHelper.m in Sources */,
				5688DE751A067B8400F65FE9 /* BAButtonItem.m in Sources */,
				5688DE761A067B8400F65FE9 /* UIActionSheet+Blocks.m in Sources */,
				DD57614A1B673B6100CE800A /* BBCustomize.m in Sources */,
				DD5761551B673B6100CE800A /* UIDevice+Protable.m in Sources */,
				DD57617A1B6760DB00CE800A /* DEBaseFirstViewController.m in Sources */,
				5688DE821A067B8400F65FE9 /* BAPickerViewWithSwitch.m in Sources */,
				DD57615D1B673B6100CE800A /* BBFileDiskCache.m in Sources */,
				5688DE741A067B8400F65FE9 /* NSAttributedString+Height.m in Sources */,
				5688DE811A067B8400F65FE9 /* BAPickerView.m in Sources */,
				5688DE831A067B8400F65FE9 /* BBSwitchButton.m in Sources */,
				17285EFE1A474E620047A25A /* DEBaseExamplesViewController.m in Sources */,
				17285EFF1A474E620047A25A /* DEExtensionsExamplesViewController.m in Sources */,
				17285F121A4752120047A25A /* DECCategoriesViewController.m in Sources */,
				5688DE771A067B8400F65FE9 /* UIAlertView+Blocks.m in Sources */,
				DD5761571B673B6100CE800A /* BBViewController.m in Sources */,
				DD5761641B673B6100CE800A /* BBApplication.m in Sources */,
				DD57617D1B6760DB00CE800A /* DEBaseThirdViewController.m in Sources */,
				5688DE7F1A067B8400F65FE9 /* BADatePickerView.m in Sources */,
				568A58231A062FAE00163FA3 /* ThirdViewController.m in Sources */,
				568A58211A062FAE00163FA3 /* ForthViewController.m in Sources */,
				5688DE7E1A067B8400F65FE9 /* BAOverlayView.m in Sources */,
				17285F131A4752120047A25A /* DECControllersViewController.m in Sources */,
				5688DE7D1A067B8400F65FE9 /* BALineCollectionView.m in Sources */,
				DD5761801B6763E300CE800A /* DEBaseFifthViewController.m in Sources */,
				DD5761631B673B6100CE800A /* UIViewController+Navi.m in Sources */,
				DD5761651B673B6100CE800A /* BBSkin.m in Sources */,
				DD5761601B673B6100CE800A /* BBPlistFileManager.m in Sources */,
				568A55FD1A0614C200163FA3 /* main.m in Sources */,
				DD57615A1B673B6100CE800A /* BBTabBarItem.m in Sources */,
			);
			runOnlyForDeploymentPostprocessing = 0;
		};
		568A56061A0614C200163FA3 /* Sources */ = {
			isa = PBXSourcesBuildPhase;
			buildActionMask = 2147483647;
			files = (
				568A56111A0614C200163FA3 /* DemoTests.m in Sources */,
			);
			runOnlyForDeploymentPostprocessing = 0;
		};
/* End PBXSourcesBuildPhase section */

/* Begin PBXTargetDependency section */
		568A560C1A0614C200163FA3 /* PBXTargetDependency */ = {
			isa = PBXTargetDependency;
			target = 568A55F61A0614C200163FA3 /* Demo */;
			targetProxy = 568A560B1A0614C200163FA3 /* PBXContainerItemProxy */;
		};
/* End PBXTargetDependency section */

/* Begin PBXVariantGroup section */
		568A56031A0614C200163FA3 /* LaunchScreen.xib */ = {
			isa = PBXVariantGroup;
			children = (
				568A56041A0614C200163FA3 /* Base */,
			);
			name = LaunchScreen.xib;
			sourceTree = "<group>";
		};
/* End PBXVariantGroup section */

/* Begin XCBuildConfiguration section */
		568A56121A0614C200163FA3 /* Debug */ = {
			isa = XCBuildConfiguration;
			buildSettings = {
				ALWAYS_SEARCH_USER_PATHS = NO;
				CLANG_CXX_LANGUAGE_STANDARD = "gnu++0x";
				CLANG_CXX_LIBRARY = "libc++";
				CLANG_ENABLE_MODULES = YES;
				CLANG_ENABLE_OBJC_ARC = YES;
				CLANG_WARN_BOOL_CONVERSION = YES;
				CLANG_WARN_CONSTANT_CONVERSION = YES;
				CLANG_WARN_DIRECT_OBJC_ISA_USAGE = YES_ERROR;
				CLANG_WARN_EMPTY_BODY = YES;
				CLANG_WARN_ENUM_CONVERSION = YES;
				CLANG_WARN_INT_CONVERSION = YES;
				CLANG_WARN_OBJC_ROOT_CLASS = YES_ERROR;
				CLANG_WARN_UNREACHABLE_CODE = YES;
				CLANG_WARN__DUPLICATE_METHOD_MATCH = YES;
				"CODE_SIGN_IDENTITY[sdk=iphoneos*]" = "iPhone Developer";
				COPY_PHASE_STRIP = NO;
				ENABLE_STRICT_OBJC_MSGSEND = YES;
				ENABLE_TESTABILITY = YES;
				GCC_C_LANGUAGE_STANDARD = gnu99;
				GCC_DYNAMIC_NO_PIC = NO;
				GCC_OPTIMIZATION_LEVEL = 0;
				GCC_PREPROCESSOR_DEFINITIONS = (
					"DEBUG=1",
					"$(inherited)",
				);
				GCC_SYMBOLS_PRIVATE_EXTERN = NO;
				GCC_WARN_64_TO_32_BIT_CONVERSION = YES;
				GCC_WARN_ABOUT_RETURN_TYPE = YES_ERROR;
				GCC_WARN_UNDECLARED_SELECTOR = YES;
				GCC_WARN_UNINITIALIZED_AUTOS = YES_AGGRESSIVE;
				GCC_WARN_UNUSED_FUNCTION = YES;
				GCC_WARN_UNUSED_VARIABLE = YES;
				IPHONEOS_DEPLOYMENT_TARGET = 8.1;
				MTL_ENABLE_DEBUG_INFO = YES;
				ONLY_ACTIVE_ARCH = YES;
				SDKROOT = iphoneos;
			};
			name = Debug;
		};
		568A56131A0614C200163FA3 /* Release */ = {
			isa = XCBuildConfiguration;
			buildSettings = {
				ALWAYS_SEARCH_USER_PATHS = NO;
				CLANG_CXX_LANGUAGE_STANDARD = "gnu++0x";
				CLANG_CXX_LIBRARY = "libc++";
				CLANG_ENABLE_MODULES = YES;
				CLANG_ENABLE_OBJC_ARC = YES;
				CLANG_WARN_BOOL_CONVERSION = YES;
				CLANG_WARN_CONSTANT_CONVERSION = YES;
				CLANG_WARN_DIRECT_OBJC_ISA_USAGE = YES_ERROR;
				CLANG_WARN_EMPTY_BODY = YES;
				CLANG_WARN_ENUM_CONVERSION = YES;
				CLANG_WARN_INT_CONVERSION = YES;
				CLANG_WARN_OBJC_ROOT_CLASS = YES_ERROR;
				CLANG_WARN_UNREACHABLE_CODE = YES;
				CLANG_WARN__DUPLICATE_METHOD_MATCH = YES;
				"CODE_SIGN_IDENTITY[sdk=iphoneos*]" = "iPhone Developer";
				COPY_PHASE_STRIP = YES;
				ENABLE_NS_ASSERTIONS = NO;
				ENABLE_STRICT_OBJC_MSGSEND = YES;
				GCC_C_LANGUAGE_STANDARD = gnu99;
				GCC_WARN_64_TO_32_BIT_CONVERSION = YES;
				GCC_WARN_ABOUT_RETURN_TYPE = YES_ERROR;
				GCC_WARN_UNDECLARED_SELECTOR = YES;
				GCC_WARN_UNINITIALIZED_AUTOS = YES_AGGRESSIVE;
				GCC_WARN_UNUSED_FUNCTION = YES;
				GCC_WARN_UNUSED_VARIABLE = YES;
				IPHONEOS_DEPLOYMENT_TARGET = 8.1;
				MTL_ENABLE_DEBUG_INFO = NO;
				SDKROOT = iphoneos;
				VALIDATE_PRODUCT = YES;
			};
			name = Release;
		};
		568A56151A0614C200163FA3 /* Debug */ = {
			isa = XCBuildConfiguration;
			buildSettings = {
				ASSETCATALOG_COMPILER_APPICON_NAME = AppIcon;
				CODE_SIGN_IDENTITY = "iPhone Developer";
				GCC_PRECOMPILE_PREFIX_HEADER = YES;
				GCC_PREFIX_HEADER = ".$(PROJECT_ROOT)/$(PROJECT_NAME)/PrefixHeader.pch";
				HEADER_SEARCH_PATHS = (
					"$(inherited)",
					/Applications/Xcode.app/Contents/Developer/Toolchains/XcodeDefault.xctoolchain/usr/include,
					../Protable/Base,
					../Protable/Extensions,
				);
				INFOPLIST_FILE = Demo/Info.plist;
				IPHONEOS_DEPLOYMENT_TARGET = 7.1;
				LD_RUNPATH_SEARCH_PATHS = "$(inherited) @executable_path/Frameworks";
				PRODUCT_BUNDLE_IDENTIFIER = "hou.mumu.$(PRODUCT_NAME:rfc1034identifier)";
				PRODUCT_NAME = "$(TARGET_NAME)";
			};
			name = Debug;
		};
		568A56161A0614C200163FA3 /* Release */ = {
			isa = XCBuildConfiguration;
			buildSettings = {
				ASSETCATALOG_COMPILER_APPICON_NAME = AppIcon;
				CODE_SIGN_IDENTITY = "iPhone Developer";
				GCC_PRECOMPILE_PREFIX_HEADER = YES;
				GCC_PREFIX_HEADER = ".$(PROJECT_ROOT)/$(PROJECT_NAME)/PrefixHeader.pch";
				HEADER_SEARCH_PATHS = (
					"$(inherited)",
					/Applications/Xcode.app/Contents/Developer/Toolchains/XcodeDefault.xctoolchain/usr/include,
					../Protable/Base,
					../Protable/Extensions,
				);
				INFOPLIST_FILE = Demo/Info.plist;
				IPHONEOS_DEPLOYMENT_TARGET = 7.1;
				LD_RUNPATH_SEARCH_PATHS = "$(inherited) @executable_path/Frameworks";
				PRODUCT_BUNDLE_IDENTIFIER = "hou.mumu.$(PRODUCT_NAME:rfc1034identifier)";
				PRODUCT_NAME = "$(TARGET_NAME)";
			};
			name = Release;
		};
		568A56181A0614C200163FA3 /* Debug */ = {
			isa = XCBuildConfiguration;
			buildSettings = {
				BUNDLE_LOADER = "$(TEST_HOST)";
				FRAMEWORK_SEARCH_PATHS = (
					"$(SDKROOT)/Developer/Library/Frameworks",
					"$(inherited)",
				);
				GCC_PREPROCESSOR_DEFINITIONS = (
					"DEBUG=1",
					"$(inherited)",
				);
				INFOPLIST_FILE = DemoTests/Info.plist;
				LD_RUNPATH_SEARCH_PATHS = "$(inherited) @executable_path/Frameworks @loader_path/Frameworks";
				PRODUCT_BUNDLE_IDENTIFIER = "hou.mumu.$(PRODUCT_NAME:rfc1034identifier)";
				PRODUCT_NAME = "$(TARGET_NAME)";
				TEST_HOST = "$(BUILT_PRODUCTS_DIR)/Demo.app/Demo";
			};
			name = Debug;
		};
		568A56191A0614C200163FA3 /* Release */ = {
			isa = XCBuildConfiguration;
			buildSettings = {
				BUNDLE_LOADER = "$(TEST_HOST)";
				FRAMEWORK_SEARCH_PATHS = (
					"$(SDKROOT)/Developer/Library/Frameworks",
					"$(inherited)",
				);
				INFOPLIST_FILE = DemoTests/Info.plist;
				LD_RUNPATH_SEARCH_PATHS = "$(inherited) @executable_path/Frameworks @loader_path/Frameworks";
				PRODUCT_BUNDLE_IDENTIFIER = "hou.mumu.$(PRODUCT_NAME:rfc1034identifier)";
				PRODUCT_NAME = "$(TARGET_NAME)";
				TEST_HOST = "$(BUILT_PRODUCTS_DIR)/Demo.app/Demo";
			};
			name = Release;
		};
/* End XCBuildConfiguration section */

/* Begin XCConfigurationList section */
		568A55F21A0614C200163FA3 /* Build configuration list for PBXProject "Demo" */ = {
			isa = XCConfigurationList;
			buildConfigurations = (
				568A56121A0614C200163FA3 /* Debug */,
				568A56131A0614C200163FA3 /* Release */,
			);
			defaultConfigurationIsVisible = 0;
			defaultConfigurationName = Release;
		};
		568A56141A0614C200163FA3 /* Build configuration list for PBXNativeTarget "Demo" */ = {
			isa = XCConfigurationList;
			buildConfigurations = (
				568A56151A0614C200163FA3 /* Debug */,
				568A56161A0614C200163FA3 /* Release */,
			);
			defaultConfigurationIsVisible = 0;
			defaultConfigurationName = Release;
		};
		568A56171A0614C200163FA3 /* Build configuration list for PBXNativeTarget "DemoTests" */ = {
			isa = XCConfigurationList;
			buildConfigurations = (
				568A56181A0614C200163FA3 /* Debug */,
				568A56191A0614C200163FA3 /* Release */,
			);
			defaultConfigurationIsVisible = 0;
			defaultConfigurationName = Release;
		};
/* End XCConfigurationList section */
	};
	rootObject = 568A55EF1A0614C200163FA3 /* Project object */;
}
